// !$*UTF8*$!
{
	archiveVersion = 1;
	classes = {
	};
	objectVersion = 46;
	objects = {

/* Begin PBXBuildFile section */
		88237A19267541CE00EF24A6 /* UIBarMetrics+Init.swift in Sources */ = {isa = PBXBuildFile; fileRef = 882379D3267541CD00EF24A6 /* UIBarMetrics+Init.swift */; };
		88237A1A267541CE00EF24A6 /* RCTTextTransform+Init.swift in Sources */ = {isa = PBXBuildFile; fileRef = 882379D4267541CD00EF24A6 /* RCTTextTransform+Init.swift */; };
		88237A1B267541CE00EF24A6 /* UINavigationItem+Init.swift in Sources */ = {isa = PBXBuildFile; fileRef = 882379D5267541CD00EF24A6 /* UINavigationItem+Init.swift */; };
		88237A1C267541CE00EF24A6 /* NSUnderlineStyle+Init.swift in Sources */ = {isa = PBXBuildFile; fileRef = 882379D6267541CD00EF24A6 /* NSUnderlineStyle+Init.swift */; };
		88237A1D267541CE00EF24A6 /* RCTTextDecorationLineType+Init.swift in Sources */ = {isa = PBXBuildFile; fileRef = 882379D7267541CD00EF24A6 /* RCTTextDecorationLineType+Init.swift */; };
		88237A1E267541CE00EF24A6 /* RCTTextAttributes+Init.swift in Sources */ = {isa = PBXBuildFile; fileRef = 882379D8267541CD00EF24A6 /* RCTTextAttributes+Init.swift */; };
		88237A1F267541CE00EF24A6 /* UIBlurEffect+Init.swift in Sources */ = {isa = PBXBuildFile; fileRef = 882379D9267541CD00EF24A6 /* UIBlurEffect+Init.swift */; };
		88237A20267541CE00EF24A6 /* UISearchBar+Init.swift in Sources */ = {isa = PBXBuildFile; fileRef = 882379DA267541CD00EF24A6 /* UISearchBar+Init.swift */; };
		88237A21267541CE00EF24A6 /* UIBarStyle+Init.swift in Sources */ = {isa = PBXBuildFile; fileRef = 882379DB267541CD00EF24A6 /* UIBarStyle+Init.swift */; };
		88237A22267541CE00EF24A6 /* UIOffset+Init.swift in Sources */ = {isa = PBXBuildFile; fileRef = 882379DC267541CD00EF24A6 /* UIOffset+Init.swift */; };
		88237A23267541CE00EF24A6 /* UIStatusBarStyle+Init.swift in Sources */ = {isa = PBXBuildFile; fileRef = 882379DD267541CD00EF24A6 /* UIStatusBarStyle+Init.swift */; };
		88237A24267541CE00EF24A6 /* NSTextAlignment+Init.swift in Sources */ = {isa = PBXBuildFile; fileRef = 882379DE267541CD00EF24A6 /* NSTextAlignment+Init.swift */; };
		88237A25267541CE00EF24A6 /* UIView+Init.swift in Sources */ = {isa = PBXBuildFile; fileRef = 882379DF267541CD00EF24A6 /* UIView+Init.swift */; };
		88237A26267541CE00EF24A6 /* UIControl+Init.swift in Sources */ = {isa = PBXBuildFile; fileRef = 882379E0267541CD00EF24A6 /* UIControl+Init.swift */; };
		88237A27267541CE00EF24A6 /* CAGradientLayerType+Init.swift in Sources */ = {isa = PBXBuildFile; fileRef = 882379E1267541CD00EF24A6 /* CAGradientLayerType+Init.swift */; };
		88237A28267541CE00EF24A6 /* UIBarButtonItem+Init.swift in Sources */ = {isa = PBXBuildFile; fileRef = 882379E2267541CD00EF24A6 /* UIBarButtonItem+Init.swift */; };
		88237A29267541CE00EF24A6 /* UIReturnKeyType+Init.swift in Sources */ = {isa = PBXBuildFile; fileRef = 882379E3267541CD00EF24A6 /* UIReturnKeyType+Init.swift */; };
		88237A2A267541CE00EF24A6 /* WeakObjects.swift in Sources */ = {isa = PBXBuildFile; fileRef = 882379E4267541CD00EF24A6 /* WeakObjects.swift */; };
		88237A2B267541CE00EF24A6 /* UINavigationItem+Helpers.swift in Sources */ = {isa = PBXBuildFile; fileRef = 882379E6267541CD00EF24A6 /* UINavigationItem+Helpers.swift */; };
		88237A2C267541CE00EF24A6 /* UIViewController+Helpers.swift in Sources */ = {isa = PBXBuildFile; fileRef = 882379E7267541CD00EF24A6 /* UIViewController+Helpers.swift */; };
		88237A2D267541CE00EF24A6 /* UIEdgeInsets+Helpers.swift in Sources */ = {isa = PBXBuildFile; fileRef = 882379E8267541CD00EF24A6 /* UIEdgeInsets+Helpers.swift */; };
		88237A2E267541CE00EF24A6 /* UINavigationBar+Helpers.swift in Sources */ = {isa = PBXBuildFile; fileRef = 882379E9267541CD00EF24A6 /* UINavigationBar+Helpers.swift */; };
		88237A2F267541CE00EF24A6 /* UIView+Helpers.swift in Sources */ = {isa = PBXBuildFile; fileRef = 882379EA267541CD00EF24A6 /* UIView+Helpers.swift */; };
		88237A30267541CE00EF24A6 /* UIColor+Helpers.swift in Sources */ = {isa = PBXBuildFile; fileRef = 882379EB267541CD00EF24A6 /* UIColor+Helpers.swift */; };
		88237A31267541CE00EF24A6 /* UISearchBar+Helpers.swift in Sources */ = {isa = PBXBuildFile; fileRef = 882379EC267541CD00EF24A6 /* UISearchBar+Helpers.swift */; };
		88237A32267541CE00EF24A6 /* CGRect+Helpers.swift in Sources */ = {isa = PBXBuildFile; fileRef = 882379ED267541CD00EF24A6 /* CGRect+Helpers.swift */; };
		88237A33267541CE00EF24A6 /* UINavigationController+Helpers.swift in Sources */ = {isa = PBXBuildFile; fileRef = 882379EE267541CD00EF24A6 /* UINavigationController+Helpers.swift */; };
		88237A34267541CE00EF24A6 /* TransitionAnimations.swift in Sources */ = {isa = PBXBuildFile; fileRef = 882379EF267541CD00EF24A6 /* TransitionAnimations.swift */; };
		88237A35267541CE00EF24A6 /* RNINavigatorRouteHeaderShadowView.swift in Sources */ = {isa = PBXBuildFile; fileRef = 882379F2267541CD00EF24A6 /* RNINavigatorRouteHeaderShadowView.swift */; };
		88237A36267541CE00EF24A6 /* RNINavigatorRouteHeaderView.swift in Sources */ = {isa = PBXBuildFile; fileRef = 882379F3267541CD00EF24A6 /* RNINavigatorRouteHeaderView.swift */; };
		88237A37267541CE00EF24A6 /* RNINavigatorRouteHeaderViewManager.swift in Sources */ = {isa = PBXBuildFile; fileRef = 882379F4267541CD00EF24A6 /* RNINavigatorRouteHeaderViewManager.swift */; };
		88237A38267541CE00EF24A6 /* RNINavigatorRouteHeaderViewManager.m in Sources */ = {isa = PBXBuildFile; fileRef = 882379F5267541CD00EF24A6 /* RNINavigatorRouteHeaderViewManager.m */; };
		88237A39267541CE00EF24A6 /* RNIRootViewController.swift in Sources */ = {isa = PBXBuildFile; fileRef = 882379F6267541CD00EF24A6 /* RNIRootViewController.swift */; };
		88237A3A267541CE00EF24A6 /* RNINavigatorRouteViewManager.swift in Sources */ = {isa = PBXBuildFile; fileRef = 882379F8267541CD00EF24A6 /* RNINavigatorRouteViewManager.swift */; };
		88237A3B267541CE00EF24A6 /* RNINavigatorRouteViewManager.m in Sources */ = {isa = PBXBuildFile; fileRef = 882379F9267541CD00EF24A6 /* RNINavigatorRouteViewManager.m */; };
		88237A3C267541CE00EF24A6 /* RNINavigatorRouteViewModule.m in Sources */ = {isa = PBXBuildFile; fileRef = 882379FA267541CD00EF24A6 /* RNINavigatorRouteViewModule.m */; };
		88237A3D267541CE00EF24A6 /* RNINavigatorRouteView.swift in Sources */ = {isa = PBXBuildFile; fileRef = 882379FB267541CD00EF24A6 /* RNINavigatorRouteView.swift */; };
		88237A3E267541CE00EF24A6 /* RNINavigatorRouteViewModule.swift in Sources */ = {isa = PBXBuildFile; fileRef = 882379FC267541CD00EF24A6 /* RNINavigatorRouteViewModule.swift */; };
		88237A3F267541CE00EF24A6 /* RNINavigatorRouteViewDelegate.swift in Sources */ = {isa = PBXBuildFile; fileRef = 882379FD267541CD00EF24A6 /* RNINavigatorRouteViewDelegate.swift */; };
		88237A40267541CE00EF24A6 /* RNINavigatorRouteBaseViewController.swift in Sources */ = {isa = PBXBuildFile; fileRef = 882379FF267541CD00EF24A6 /* RNINavigatorRouteBaseViewController.swift */; };
		88237A41267541CE00EF24A6 /* RNINavigatorRouteViewControllerDelegate.swift in Sources */ = {isa = PBXBuildFile; fileRef = 88237A00267541CD00EF24A6 /* RNINavigatorRouteViewControllerDelegate.swift */; };
		88237A42267541CE00EF24A6 /* RNINavigatorReactRouteViewController.swift in Sources */ = {isa = PBXBuildFile; fileRef = 88237A01267541CD00EF24A6 /* RNINavigatorReactRouteViewController.swift */; };
		88237A43267541CE00EF24A6 /* RNINavBarItemConfig.swift in Sources */ = {isa = PBXBuildFile; fileRef = 88237A03267541CD00EF24A6 /* RNINavBarItemConfig.swift */; };
		88237A44267541CE00EF24A6 /* RNINavigatorManager.swift in Sources */ = {isa = PBXBuildFile; fileRef = 88237A04267541CD00EF24A6 /* RNINavigatorManager.swift */; };
		88237A45267541CE00EF24A6 /* RNINavigatorUIConstantsObserver.swift in Sources */ = {isa = PBXBuildFile; fileRef = 88237A05267541CD00EF24A6 /* RNINavigatorUIConstantsObserver.swift */; };
		88237A46267541CE00EF24A6 /* RNISearchControllerConfig.swift in Sources */ = {isa = PBXBuildFile; fileRef = 88237A06267541CD00EF24A6 /* RNISearchControllerConfig.swift */; };
		88237A47267541CE00EF24A6 /* RNINavigationController.swift in Sources */ = {isa = PBXBuildFile; fileRef = 88237A07267541CD00EF24A6 /* RNINavigationController.swift */; };
		88237A48267541CE00EF24A6 /* RNINavTransitionConfig.swift in Sources */ = {isa = PBXBuildFile; fileRef = 88237A08267541CD00EF24A6 /* RNINavTransitionConfig.swift */; };
		88237A49267541CE00EF24A6 /* RNINavBarAppearance.swift in Sources */ = {isa = PBXBuildFile; fileRef = 88237A09267541CE00EF24A6 /* RNINavBarAppearance.swift */; };
		88237A4A267541CE00EF24A6 /* RNIWrapperViewManager.swift in Sources */ = {isa = PBXBuildFile; fileRef = 88237A0B267541CE00EF24A6 /* RNIWrapperViewManager.swift */; };
		88237A4B267541CE00EF24A6 /* RNIWrapperView.swift in Sources */ = {isa = PBXBuildFile; fileRef = 88237A0C267541CE00EF24A6 /* RNIWrapperView.swift */; };
		88237A4C267541CE00EF24A6 /* RNIWrapperViewManager.m in Sources */ = {isa = PBXBuildFile; fileRef = 88237A0D267541CE00EF24A6 /* RNIWrapperViewManager.m */; };
		88237A4D267541CE00EF24A6 /* RNINavigatorViewManager.swift in Sources */ = {isa = PBXBuildFile; fileRef = 88237A0F267541CE00EF24A6 /* RNINavigatorViewManager.swift */; };
		88237A4E267541CE00EF24A6 /* RNINavigatorView.swift in Sources */ = {isa = PBXBuildFile; fileRef = 88237A10267541CE00EF24A6 /* RNINavigatorView.swift */; };
		88237A4F267541CE00EF24A6 /* RNINavigatorViewModule.m in Sources */ = {isa = PBXBuildFile; fileRef = 88237A11267541CE00EF24A6 /* RNINavigatorViewModule.m */; };
		88237A50267541CE00EF24A6 /* RNINavigatorViewManager.m in Sources */ = {isa = PBXBuildFile; fileRef = 88237A12267541CE00EF24A6 /* RNINavigatorViewManager.m */; };
		88237A51267541CE00EF24A6 /* RNINavigatorViewDelegate.swift in Sources */ = {isa = PBXBuildFile; fileRef = 88237A13267541CE00EF24A6 /* RNINavigatorViewDelegate.swift */; };
		88237A52267541CE00EF24A6 /* RNINavigatorViewModule.swift in Sources */ = {isa = PBXBuildFile; fileRef = 88237A14267541CE00EF24A6 /* RNINavigatorViewModule.swift */; };
		88237A53267541CE00EF24A6 /* RNIUtilities.swift in Sources */ = {isa = PBXBuildFile; fileRef = 88237A16267541CE00EF24A6 /* RNIUtilities.swift */; };
		88237A54267541CE00EF24A6 /* RNIImageItem.swift in Sources */ = {isa = PBXBuildFile; fileRef = 88237A17267541CE00EF24A6 /* RNIImageItem.swift */; };
		88237A55267541CE00EF24A6 /* RNIError.swift in Sources */ = {isa = PBXBuildFile; fileRef = 88237A18267541CE00EF24A6 /* RNIError.swift */; };
/* End PBXBuildFile section */

/* Begin PBXCopyFilesBuildPhase section */
		58B511D91A9E6C8500147676 /* CopyFiles */ = {
			isa = PBXCopyFilesBuildPhase;
			buildActionMask = 2147483647;
			dstPath = "include/$(PRODUCT_NAME)";
			dstSubfolderSpec = 16;
			files = (
			);
			runOnlyForDeploymentPostprocessing = 0;
		};
/* End PBXCopyFilesBuildPhase section */

/* Begin PBXFileReference section */
		134814201AA4EA6300B7C361 /* libIosNavigator.a */ = {isa = PBXFileReference; explicitFileType = archive.ar; includeInIndex = 0; path = libIosNavigator.a; sourceTree = BUILT_PRODUCTS_DIR; };
		882379D1267541CD00EF24A6 /* IosNavigator-Bridging-Header.h */ = {isa = PBXFileReference; fileEncoding = 4; lastKnownFileType = sourcecode.c.h; path = "IosNavigator-Bridging-Header.h"; sourceTree = "<group>"; };
		882379D3267541CD00EF24A6 /* UIBarMetrics+Init.swift */ = {isa = PBXFileReference; fileEncoding = 4; lastKnownFileType = sourcecode.swift; path = "UIBarMetrics+Init.swift"; sourceTree = "<group>"; };
		882379D4267541CD00EF24A6 /* RCTTextTransform+Init.swift */ = {isa = PBXFileReference; fileEncoding = 4; lastKnownFileType = sourcecode.swift; path = "RCTTextTransform+Init.swift"; sourceTree = "<group>"; };
		882379D5267541CD00EF24A6 /* UINavigationItem+Init.swift */ = {isa = PBXFileReference; fileEncoding = 4; lastKnownFileType = sourcecode.swift; path = "UINavigationItem+Init.swift"; sourceTree = "<group>"; };
		882379D6267541CD00EF24A6 /* NSUnderlineStyle+Init.swift */ = {isa = PBXFileReference; fileEncoding = 4; lastKnownFileType = sourcecode.swift; path = "NSUnderlineStyle+Init.swift"; sourceTree = "<group>"; };
		882379D7267541CD00EF24A6 /* RCTTextDecorationLineType+Init.swift */ = {isa = PBXFileReference; fileEncoding = 4; lastKnownFileType = sourcecode.swift; path = "RCTTextDecorationLineType+Init.swift"; sourceTree = "<group>"; };
		882379D8267541CD00EF24A6 /* RCTTextAttributes+Init.swift */ = {isa = PBXFileReference; fileEncoding = 4; lastKnownFileType = sourcecode.swift; path = "RCTTextAttributes+Init.swift"; sourceTree = "<group>"; };
		882379D9267541CD00EF24A6 /* UIBlurEffect+Init.swift */ = {isa = PBXFileReference; fileEncoding = 4; lastKnownFileType = sourcecode.swift; path = "UIBlurEffect+Init.swift"; sourceTree = "<group>"; };
		882379DA267541CD00EF24A6 /* UISearchBar+Init.swift */ = {isa = PBXFileReference; fileEncoding = 4; lastKnownFileType = sourcecode.swift; path = "UISearchBar+Init.swift"; sourceTree = "<group>"; };
		882379DB267541CD00EF24A6 /* UIBarStyle+Init.swift */ = {isa = PBXFileReference; fileEncoding = 4; lastKnownFileType = sourcecode.swift; path = "UIBarStyle+Init.swift"; sourceTree = "<group>"; };
		882379DC267541CD00EF24A6 /* UIOffset+Init.swift */ = {isa = PBXFileReference; fileEncoding = 4; lastKnownFileType = sourcecode.swift; path = "UIOffset+Init.swift"; sourceTree = "<group>"; };
		882379DD267541CD00EF24A6 /* UIStatusBarStyle+Init.swift */ = {isa = PBXFileReference; fileEncoding = 4; lastKnownFileType = sourcecode.swift; path = "UIStatusBarStyle+Init.swift"; sourceTree = "<group>"; };
		882379DE267541CD00EF24A6 /* NSTextAlignment+Init.swift */ = {isa = PBXFileReference; fileEncoding = 4; lastKnownFileType = sourcecode.swift; path = "NSTextAlignment+Init.swift"; sourceTree = "<group>"; };
		882379DF267541CD00EF24A6 /* UIView+Init.swift */ = {isa = PBXFileReference; fileEncoding = 4; lastKnownFileType = sourcecode.swift; path = "UIView+Init.swift"; sourceTree = "<group>"; };
		882379E0267541CD00EF24A6 /* UIControl+Init.swift */ = {isa = PBXFileReference; fileEncoding = 4; lastKnownFileType = sourcecode.swift; path = "UIControl+Init.swift"; sourceTree = "<group>"; };
		882379E1267541CD00EF24A6 /* CAGradientLayerType+Init.swift */ = {isa = PBXFileReference; fileEncoding = 4; lastKnownFileType = sourcecode.swift; path = "CAGradientLayerType+Init.swift"; sourceTree = "<group>"; };
		882379E2267541CD00EF24A6 /* UIBarButtonItem+Init.swift */ = {isa = PBXFileReference; fileEncoding = 4; lastKnownFileType = sourcecode.swift; path = "UIBarButtonItem+Init.swift"; sourceTree = "<group>"; };
		882379E3267541CD00EF24A6 /* UIReturnKeyType+Init.swift */ = {isa = PBXFileReference; fileEncoding = 4; lastKnownFileType = sourcecode.swift; path = "UIReturnKeyType+Init.swift"; sourceTree = "<group>"; };
		882379E4267541CD00EF24A6 /* WeakObjects.swift */ = {isa = PBXFileReference; fileEncoding = 4; lastKnownFileType = sourcecode.swift; path = WeakObjects.swift; sourceTree = "<group>"; };
		882379E6267541CD00EF24A6 /* UINavigationItem+Helpers.swift */ = {isa = PBXFileReference; fileEncoding = 4; lastKnownFileType = sourcecode.swift; path = "UINavigationItem+Helpers.swift"; sourceTree = "<group>"; };
		882379E7267541CD00EF24A6 /* UIViewController+Helpers.swift */ = {isa = PBXFileReference; fileEncoding = 4; lastKnownFileType = sourcecode.swift; path = "UIViewController+Helpers.swift"; sourceTree = "<group>"; };
		882379E8267541CD00EF24A6 /* UIEdgeInsets+Helpers.swift */ = {isa = PBXFileReference; fileEncoding = 4; lastKnownFileType = sourcecode.swift; path = "UIEdgeInsets+Helpers.swift"; sourceTree = "<group>"; };
		882379E9267541CD00EF24A6 /* UINavigationBar+Helpers.swift */ = {isa = PBXFileReference; fileEncoding = 4; lastKnownFileType = sourcecode.swift; path = "UINavigationBar+Helpers.swift"; sourceTree = "<group>"; };
		882379EA267541CD00EF24A6 /* UIView+Helpers.swift */ = {isa = PBXFileReference; fileEncoding = 4; lastKnownFileType = sourcecode.swift; path = "UIView+Helpers.swift"; sourceTree = "<group>"; };
		882379EB267541CD00EF24A6 /* UIColor+Helpers.swift */ = {isa = PBXFileReference; fileEncoding = 4; lastKnownFileType = sourcecode.swift; path = "UIColor+Helpers.swift"; sourceTree = "<group>"; };
		882379EC267541CD00EF24A6 /* UISearchBar+Helpers.swift */ = {isa = PBXFileReference; fileEncoding = 4; lastKnownFileType = sourcecode.swift; path = "UISearchBar+Helpers.swift"; sourceTree = "<group>"; };
		882379ED267541CD00EF24A6 /* CGRect+Helpers.swift */ = {isa = PBXFileReference; fileEncoding = 4; lastKnownFileType = sourcecode.swift; path = "CGRect+Helpers.swift"; sourceTree = "<group>"; };
		882379EE267541CD00EF24A6 /* UINavigationController+Helpers.swift */ = {isa = PBXFileReference; fileEncoding = 4; lastKnownFileType = sourcecode.swift; path = "UINavigationController+Helpers.swift"; sourceTree = "<group>"; };
		882379EF267541CD00EF24A6 /* TransitionAnimations.swift */ = {isa = PBXFileReference; fileEncoding = 4; lastKnownFileType = sourcecode.swift; path = TransitionAnimations.swift; sourceTree = "<group>"; };
		882379F2267541CD00EF24A6 /* RNINavigatorRouteHeaderShadowView.swift */ = {isa = PBXFileReference; fileEncoding = 4; lastKnownFileType = sourcecode.swift; path = RNINavigatorRouteHeaderShadowView.swift; sourceTree = "<group>"; };
		882379F3267541CD00EF24A6 /* RNINavigatorRouteHeaderView.swift */ = {isa = PBXFileReference; fileEncoding = 4; lastKnownFileType = sourcecode.swift; path = RNINavigatorRouteHeaderView.swift; sourceTree = "<group>"; };
		882379F4267541CD00EF24A6 /* RNINavigatorRouteHeaderViewManager.swift */ = {isa = PBXFileReference; fileEncoding = 4; lastKnownFileType = sourcecode.swift; path = RNINavigatorRouteHeaderViewManager.swift; sourceTree = "<group>"; };
		882379F5267541CD00EF24A6 /* RNINavigatorRouteHeaderViewManager.m */ = {isa = PBXFileReference; fileEncoding = 4; lastKnownFileType = sourcecode.c.objc; path = RNINavigatorRouteHeaderViewManager.m; sourceTree = "<group>"; };
		882379F6267541CD00EF24A6 /* RNIRootViewController.swift */ = {isa = PBXFileReference; fileEncoding = 4; lastKnownFileType = sourcecode.swift; path = RNIRootViewController.swift; sourceTree = "<group>"; };
		882379F8267541CD00EF24A6 /* RNINavigatorRouteViewManager.swift */ = {isa = PBXFileReference; fileEncoding = 4; lastKnownFileType = sourcecode.swift; path = RNINavigatorRouteViewManager.swift; sourceTree = "<group>"; };
		882379F9267541CD00EF24A6 /* RNINavigatorRouteViewManager.m */ = {isa = PBXFileReference; fileEncoding = 4; lastKnownFileType = sourcecode.c.objc; path = RNINavigatorRouteViewManager.m; sourceTree = "<group>"; };
		882379FA267541CD00EF24A6 /* RNINavigatorRouteViewModule.m */ = {isa = PBXFileReference; fileEncoding = 4; lastKnownFileType = sourcecode.c.objc; path = RNINavigatorRouteViewModule.m; sourceTree = "<group>"; };
		882379FB267541CD00EF24A6 /* RNINavigatorRouteView.swift */ = {isa = PBXFileReference; fileEncoding = 4; lastKnownFileType = sourcecode.swift; path = RNINavigatorRouteView.swift; sourceTree = "<group>"; };
		882379FC267541CD00EF24A6 /* RNINavigatorRouteViewModule.swift */ = {isa = PBXFileReference; fileEncoding = 4; lastKnownFileType = sourcecode.swift; path = RNINavigatorRouteViewModule.swift; sourceTree = "<group>"; };
		882379FD267541CD00EF24A6 /* RNINavigatorRouteViewDelegate.swift */ = {isa = PBXFileReference; fileEncoding = 4; lastKnownFileType = sourcecode.swift; path = RNINavigatorRouteViewDelegate.swift; sourceTree = "<group>"; };
		882379FF267541CD00EF24A6 /* RNINavigatorRouteBaseViewController.swift */ = {isa = PBXFileReference; fileEncoding = 4; lastKnownFileType = sourcecode.swift; path = RNINavigatorRouteBaseViewController.swift; sourceTree = "<group>"; };
		88237A00267541CD00EF24A6 /* RNINavigatorRouteViewControllerDelegate.swift */ = {isa = PBXFileReference; fileEncoding = 4; lastKnownFileType = sourcecode.swift; path = RNINavigatorRouteViewControllerDelegate.swift; sourceTree = "<group>"; };
		88237A01267541CD00EF24A6 /* RNINavigatorReactRouteViewController.swift */ = {isa = PBXFileReference; fileEncoding = 4; lastKnownFileType = sourcecode.swift; path = RNINavigatorReactRouteViewController.swift; sourceTree = "<group>"; };
		88237A03267541CD00EF24A6 /* RNINavBarItemConfig.swift */ = {isa = PBXFileReference; fileEncoding = 4; lastKnownFileType = sourcecode.swift; path = RNINavBarItemConfig.swift; sourceTree = "<group>"; };
		88237A04267541CD00EF24A6 /* RNINavigatorManager.swift */ = {isa = PBXFileReference; fileEncoding = 4; lastKnownFileType = sourcecode.swift; path = RNINavigatorManager.swift; sourceTree = "<group>"; };
		88237A05267541CD00EF24A6 /* RNINavigatorUIConstantsObserver.swift */ = {isa = PBXFileReference; fileEncoding = 4; lastKnownFileType = sourcecode.swift; path = RNINavigatorUIConstantsObserver.swift; sourceTree = "<group>"; };
		88237A06267541CD00EF24A6 /* RNISearchControllerConfig.swift */ = {isa = PBXFileReference; fileEncoding = 4; lastKnownFileType = sourcecode.swift; path = RNISearchControllerConfig.swift; sourceTree = "<group>"; };
		88237A07267541CD00EF24A6 /* RNINavigationController.swift */ = {isa = PBXFileReference; fileEncoding = 4; lastKnownFileType = sourcecode.swift; path = RNINavigationController.swift; sourceTree = "<group>"; };
		88237A08267541CD00EF24A6 /* RNINavTransitionConfig.swift */ = {isa = PBXFileReference; fileEncoding = 4; lastKnownFileType = sourcecode.swift; path = RNINavTransitionConfig.swift; sourceTree = "<group>"; };
		88237A09267541CE00EF24A6 /* RNINavBarAppearance.swift */ = {isa = PBXFileReference; fileEncoding = 4; lastKnownFileType = sourcecode.swift; path = RNINavBarAppearance.swift; sourceTree = "<group>"; };
		88237A0B267541CE00EF24A6 /* RNIWrapperViewManager.swift */ = {isa = PBXFileReference; fileEncoding = 4; lastKnownFileType = sourcecode.swift; path = RNIWrapperViewManager.swift; sourceTree = "<group>"; };
		88237A0C267541CE00EF24A6 /* RNIWrapperView.swift */ = {isa = PBXFileReference; fileEncoding = 4; lastKnownFileType = sourcecode.swift; path = RNIWrapperView.swift; sourceTree = "<group>"; };
		88237A0D267541CE00EF24A6 /* RNIWrapperViewManager.m */ = {isa = PBXFileReference; fileEncoding = 4; lastKnownFileType = sourcecode.c.objc; path = RNIWrapperViewManager.m; sourceTree = "<group>"; };
		88237A0F267541CE00EF24A6 /* RNINavigatorViewManager.swift */ = {isa = PBXFileReference; fileEncoding = 4; lastKnownFileType = sourcecode.swift; path = RNINavigatorViewManager.swift; sourceTree = "<group>"; };
		88237A10267541CE00EF24A6 /* RNINavigatorView.swift */ = {isa = PBXFileReference; fileEncoding = 4; lastKnownFileType = sourcecode.swift; path = RNINavigatorView.swift; sourceTree = "<group>"; };
		88237A11267541CE00EF24A6 /* RNINavigatorViewModule.m */ = {isa = PBXFileReference; fileEncoding = 4; lastKnownFileType = sourcecode.c.objc; path = RNINavigatorViewModule.m; sourceTree = "<group>"; };
		88237A12267541CE00EF24A6 /* RNINavigatorViewManager.m */ = {isa = PBXFileReference; fileEncoding = 4; lastKnownFileType = sourcecode.c.objc; path = RNINavigatorViewManager.m; sourceTree = "<group>"; };
		88237A13267541CE00EF24A6 /* RNINavigatorViewDelegate.swift */ = {isa = PBXFileReference; fileEncoding = 4; lastKnownFileType = sourcecode.swift; path = RNINavigatorViewDelegate.swift; sourceTree = "<group>"; };
		88237A14267541CE00EF24A6 /* RNINavigatorViewModule.swift */ = {isa = PBXFileReference; fileEncoding = 4; lastKnownFileType = sourcecode.swift; path = RNINavigatorViewModule.swift; sourceTree = "<group>"; };
		88237A16267541CE00EF24A6 /* RNIUtilities.swift */ = {isa = PBXFileReference; fileEncoding = 4; lastKnownFileType = sourcecode.swift; path = RNIUtilities.swift; sourceTree = "<group>"; };
		88237A17267541CE00EF24A6 /* RNIImageItem.swift */ = {isa = PBXFileReference; fileEncoding = 4; lastKnownFileType = sourcecode.swift; path = RNIImageItem.swift; sourceTree = "<group>"; };
		88237A18267541CE00EF24A6 /* RNIError.swift */ = {isa = PBXFileReference; fileEncoding = 4; lastKnownFileType = sourcecode.swift; path = RNIError.swift; sourceTree = "<group>"; };
/* End PBXFileReference section */

/* Begin PBXFrameworksBuildPhase section */
		58B511D81A9E6C8500147676 /* Frameworks */ = {
			isa = PBXFrameworksBuildPhase;
			buildActionMask = 2147483647;
			files = (
			);
			runOnlyForDeploymentPostprocessing = 0;
		};
/* End PBXFrameworksBuildPhase section */

/* Begin PBXGroup section */
		134814211AA4EA7D00B7C361 /* Products */ = {
			isa = PBXGroup;
			children = (
				134814201AA4EA6300B7C361 /* libIosNavigator.a */,
			);
			name = Products;
			sourceTree = "<group>";
		};
		58B511D21A9E6C8500147676 = {
			isa = PBXGroup;
			children = (
				882379D0267541CD00EF24A6 /* Src */,
				134814211AA4EA7D00B7C361 /* Products */,
			);
			sourceTree = "<group>";
		};
		882379D0267541CD00EF24A6 /* Src */ = {
			isa = PBXGroup;
			children = (
				882379D1267541CD00EF24A6 /* IosNavigator-Bridging-Header.h */,
				882379D2267541CD00EF24A6 /* Extensions+Init */,
				882379E4267541CD00EF24A6 /* WeakObjects.swift */,
				882379E5267541CD00EF24A6 /* Extensions */,
				882379EF267541CD00EF24A6 /* TransitionAnimations.swift */,
				882379F0267541CD00EF24A6 /* ReactNative */,
			);
			path = Src;
			sourceTree = "<group>";
		};
		882379D2267541CD00EF24A6 /* Extensions+Init */ = {
			isa = PBXGroup;
			children = (
				882379D3267541CD00EF24A6 /* UIBarMetrics+Init.swift */,
				882379D4267541CD00EF24A6 /* RCTTextTransform+Init.swift */,
				882379D5267541CD00EF24A6 /* UINavigationItem+Init.swift */,
				882379D6267541CD00EF24A6 /* NSUnderlineStyle+Init.swift */,
				882379D7267541CD00EF24A6 /* RCTTextDecorationLineType+Init.swift */,
				882379D8267541CD00EF24A6 /* RCTTextAttributes+Init.swift */,
				882379D9267541CD00EF24A6 /* UIBlurEffect+Init.swift */,
				882379DA267541CD00EF24A6 /* UISearchBar+Init.swift */,
				882379DB267541CD00EF24A6 /* UIBarStyle+Init.swift */,
				882379DC267541CD00EF24A6 /* UIOffset+Init.swift */,
				882379DD267541CD00EF24A6 /* UIStatusBarStyle+Init.swift */,
				882379DE267541CD00EF24A6 /* NSTextAlignment+Init.swift */,
				882379DF267541CD00EF24A6 /* UIView+Init.swift */,
				882379E0267541CD00EF24A6 /* UIControl+Init.swift */,
				882379E1267541CD00EF24A6 /* CAGradientLayerType+Init.swift */,
				882379E2267541CD00EF24A6 /* UIBarButtonItem+Init.swift */,
				882379E3267541CD00EF24A6 /* UIReturnKeyType+Init.swift */,
			);
			path = "Extensions+Init";
			sourceTree = "<group>";
		};
		882379E5267541CD00EF24A6 /* Extensions */ = {
			isa = PBXGroup;
			children = (
				882379E6267541CD00EF24A6 /* UINavigationItem+Helpers.swift */,
				882379E7267541CD00EF24A6 /* UIViewController+Helpers.swift */,
				882379E8267541CD00EF24A6 /* UIEdgeInsets+Helpers.swift */,
				882379E9267541CD00EF24A6 /* UINavigationBar+Helpers.swift */,
				882379EA267541CD00EF24A6 /* UIView+Helpers.swift */,
				882379EB267541CD00EF24A6 /* UIColor+Helpers.swift */,
				882379EC267541CD00EF24A6 /* UISearchBar+Helpers.swift */,
				882379ED267541CD00EF24A6 /* CGRect+Helpers.swift */,
				882379EE267541CD00EF24A6 /* UINavigationController+Helpers.swift */,
			);
			path = Extensions;
			sourceTree = "<group>";
		};
		882379F0267541CD00EF24A6 /* ReactNative */ = {
			isa = PBXGroup;
			children = (
				882379F1267541CD00EF24A6 /* RNINavigatorRouteHeaderView */,
				882379F6267541CD00EF24A6 /* RNIRootViewController.swift */,
				882379F7267541CD00EF24A6 /* RNINavigatorRouteView */,
				882379FE267541CD00EF24A6 /* RNINavigatorRouteViewController */,
				88237A02267541CD00EF24A6 /* RNINavigator */,
				88237A0A267541CE00EF24A6 /* RNIWrapperView */,
				88237A0E267541CE00EF24A6 /* RNINavigatorView */,
				88237A15267541CE00EF24A6 /* RNIHelpers */,
			);
			path = ReactNative;
			sourceTree = "<group>";
		};
		882379F1267541CD00EF24A6 /* RNINavigatorRouteHeaderView */ = {
			isa = PBXGroup;
			children = (
				882379F2267541CD00EF24A6 /* RNINavigatorRouteHeaderShadowView.swift */,
				882379F3267541CD00EF24A6 /* RNINavigatorRouteHeaderView.swift */,
				882379F4267541CD00EF24A6 /* RNINavigatorRouteHeaderViewManager.swift */,
				882379F5267541CD00EF24A6 /* RNINavigatorRouteHeaderViewManager.m */,
			);
			path = RNINavigatorRouteHeaderView;
			sourceTree = "<group>";
		};
		882379F7267541CD00EF24A6 /* RNINavigatorRouteView */ = {
			isa = PBXGroup;
			children = (
				882379F8267541CD00EF24A6 /* RNINavigatorRouteViewManager.swift */,
				882379F9267541CD00EF24A6 /* RNINavigatorRouteViewManager.m */,
				882379FA267541CD00EF24A6 /* RNINavigatorRouteViewModule.m */,
				882379FB267541CD00EF24A6 /* RNINavigatorRouteView.swift */,
				882379FC267541CD00EF24A6 /* RNINavigatorRouteViewModule.swift */,
				882379FD267541CD00EF24A6 /* RNINavigatorRouteViewDelegate.swift */,
			);
			path = RNINavigatorRouteView;
			sourceTree = "<group>";
		};
		882379FE267541CD00EF24A6 /* RNINavigatorRouteViewController */ = {
			isa = PBXGroup;
			children = (
				882379FF267541CD00EF24A6 /* RNINavigatorRouteBaseViewController.swift */,
				88237A00267541CD00EF24A6 /* RNINavigatorRouteViewControllerDelegate.swift */,
				88237A01267541CD00EF24A6 /* RNINavigatorReactRouteViewController.swift */,
			);
			path = RNINavigatorRouteViewController;
			sourceTree = "<group>";
		};
		88237A02267541CD00EF24A6 /* RNINavigator */ = {
			isa = PBXGroup;
			children = (
				88237A03267541CD00EF24A6 /* RNINavBarItemConfig.swift */,
				88237A04267541CD00EF24A6 /* RNINavigatorManager.swift */,
				88237A05267541CD00EF24A6 /* RNINavigatorUIConstantsObserver.swift */,
				88237A06267541CD00EF24A6 /* RNISearchControllerConfig.swift */,
				88237A07267541CD00EF24A6 /* RNINavigationController.swift */,
				88237A08267541CD00EF24A6 /* RNINavTransitionConfig.swift */,
				88237A09267541CE00EF24A6 /* RNINavBarAppearance.swift */,
			);
			path = RNINavigator;
			sourceTree = "<group>";
		};
		88237A0A267541CE00EF24A6 /* RNIWrapperView */ = {
			isa = PBXGroup;
			children = (
				88237A0B267541CE00EF24A6 /* RNIWrapperViewManager.swift */,
				88237A0C267541CE00EF24A6 /* RNIWrapperView.swift */,
				88237A0D267541CE00EF24A6 /* RNIWrapperViewManager.m */,
			);
			path = RNIWrapperView;
			sourceTree = "<group>";
		};
		88237A0E267541CE00EF24A6 /* RNINavigatorView */ = {
			isa = PBXGroup;
			children = (
				88237A0F267541CE00EF24A6 /* RNINavigatorViewManager.swift */,
				88237A10267541CE00EF24A6 /* RNINavigatorView.swift */,
				88237A11267541CE00EF24A6 /* RNINavigatorViewModule.m */,
				88237A12267541CE00EF24A6 /* RNINavigatorViewManager.m */,
				88237A13267541CE00EF24A6 /* RNINavigatorViewDelegate.swift */,
				88237A14267541CE00EF24A6 /* RNINavigatorViewModule.swift */,
			);
			path = RNINavigatorView;
			sourceTree = "<group>";
		};
		88237A15267541CE00EF24A6 /* RNIHelpers */ = {
			isa = PBXGroup;
			children = (
				88237A16267541CE00EF24A6 /* RNIUtilities.swift */,
				88237A17267541CE00EF24A6 /* RNIImageItem.swift */,
				88237A18267541CE00EF24A6 /* RNIError.swift */,
			);
			path = RNIHelpers;
			sourceTree = "<group>";
		};
/* End PBXGroup section */

/* Begin PBXNativeTarget section */
		58B511DA1A9E6C8500147676 /* IosNavigator */ = {
			isa = PBXNativeTarget;
			buildConfigurationList = 58B511EF1A9E6C8500147676 /* Build configuration list for PBXNativeTarget "IosNavigator" */;
			buildPhases = (
				58B511D71A9E6C8500147676 /* Sources */,
				58B511D81A9E6C8500147676 /* Frameworks */,
				58B511D91A9E6C8500147676 /* CopyFiles */,
			);
			buildRules = (
			);
			dependencies = (
			);
			name = IosNavigator;
			productName = RCTDataManager;
			productReference = 134814201AA4EA6300B7C361 /* libIosNavigator.a */;
			productType = "com.apple.product-type.library.static";
		};
/* End PBXNativeTarget section */

/* Begin PBXProject section */
		58B511D31A9E6C8500147676 /* Project object */ = {
			isa = PBXProject;
			attributes = {
				LastUpgradeCheck = 0920;
				ORGANIZATIONNAME = "";
				TargetAttributes = {
					58B511DA1A9E6C8500147676 = {
						CreatedOnToolsVersion = 6.1.1;
						LastSwiftMigration = 1230;
					};
				};
			};
			buildConfigurationList = 58B511D61A9E6C8500147676 /* Build configuration list for PBXProject "IosNavigator" */;
			compatibilityVersion = "Xcode 3.2";
			developmentRegion = English;
			hasScannedForEncodings = 0;
			knownRegions = (
				English,
				en,
			);
			mainGroup = 58B511D21A9E6C8500147676;
			productRefGroup = 58B511D21A9E6C8500147676;
			projectDirPath = "";
			projectRoot = "";
			targets = (
				58B511DA1A9E6C8500147676 /* IosNavigator */,
			);
		};
/* End PBXProject section */

/* Begin PBXSourcesBuildPhase section */
		58B511D71A9E6C8500147676 /* Sources */ = {
			isa = PBXSourcesBuildPhase;
			buildActionMask = 2147483647;
			files = (
				88237A45267541CE00EF24A6 /* RNINavigatorUIConstantsObserver.swift in Sources */,
				88237A42267541CE00EF24A6 /* RNINavigatorReactRouteViewController.swift in Sources */,
				88237A52267541CE00EF24A6 /* RNINavigatorViewModule.swift in Sources */,
				88237A1B267541CE00EF24A6 /* UINavigationItem+Init.swift in Sources */,
				88237A36267541CE00EF24A6 /* RNINavigatorRouteHeaderView.swift in Sources */,
				88237A32267541CE00EF24A6 /* CGRect+Helpers.swift in Sources */,
				88237A46267541CE00EF24A6 /* RNISearchControllerConfig.swift in Sources */,
				88237A20267541CE00EF24A6 /* UISearchBar+Init.swift in Sources */,
				88237A41267541CE00EF24A6 /* RNINavigatorRouteViewControllerDelegate.swift in Sources */,
				88237A43267541CE00EF24A6 /* RNINavBarItemConfig.swift in Sources */,
				88237A34267541CE00EF24A6 /* TransitionAnimations.swift in Sources */,
				88237A28267541CE00EF24A6 /* UIBarButtonItem+Init.swift in Sources */,
				88237A54267541CE00EF24A6 /* RNIImageItem.swift in Sources */,
				88237A3D267541CE00EF24A6 /* RNINavigatorRouteView.swift in Sources */,
				88237A2D267541CE00EF24A6 /* UIEdgeInsets+Helpers.swift in Sources */,
				88237A1E267541CE00EF24A6 /* RCTTextAttributes+Init.swift in Sources */,
				88237A2A267541CE00EF24A6 /* WeakObjects.swift in Sources */,
				88237A3E267541CE00EF24A6 /* RNINavigatorRouteViewModule.swift in Sources */,
				88237A49267541CE00EF24A6 /* RNINavBarAppearance.swift in Sources */,
				88237A1C267541CE00EF24A6 /* NSUnderlineStyle+Init.swift in Sources */,
				88237A2F267541CE00EF24A6 /* UIView+Helpers.swift in Sources */,
				88237A2B267541CE00EF24A6 /* UINavigationItem+Helpers.swift in Sources */,
				88237A33267541CE00EF24A6 /* UINavigationController+Helpers.swift in Sources */,
				88237A3B267541CE00EF24A6 /* RNINavigatorRouteViewManager.m in Sources */,
				88237A50267541CE00EF24A6 /* RNINavigatorViewManager.m in Sources */,
				88237A21267541CE00EF24A6 /* UIBarStyle+Init.swift in Sources */,
				88237A40267541CE00EF24A6 /* RNINavigatorRouteBaseViewController.swift in Sources */,
				88237A2C267541CE00EF24A6 /* UIViewController+Helpers.swift in Sources */,
				88237A27267541CE00EF24A6 /* CAGradientLayerType+Init.swift in Sources */,
				88237A44267541CE00EF24A6 /* RNINavigatorManager.swift in Sources */,
				88237A1D267541CE00EF24A6 /* RCTTextDecorationLineType+Init.swift in Sources */,
				88237A4E267541CE00EF24A6 /* RNINavigatorView.swift in Sources */,
				88237A38267541CE00EF24A6 /* RNINavigatorRouteHeaderViewManager.m in Sources */,
				88237A19267541CE00EF24A6 /* UIBarMetrics+Init.swift in Sources */,
				88237A51267541CE00EF24A6 /* RNINavigatorViewDelegate.swift in Sources */,
				88237A3C267541CE00EF24A6 /* RNINavigatorRouteViewModule.m in Sources */,
				88237A23267541CE00EF24A6 /* UIStatusBarStyle+Init.swift in Sources */,
				88237A47267541CE00EF24A6 /* RNINavigationController.swift in Sources */,
				88237A39267541CE00EF24A6 /* RNIRootViewController.swift in Sources */,
				88237A1A267541CE00EF24A6 /* RCTTextTransform+Init.swift in Sources */,
				88237A4F267541CE00EF24A6 /* RNINavigatorViewModule.m in Sources */,
				88237A24267541CE00EF24A6 /* NSTextAlignment+Init.swift in Sources */,
				88237A37267541CE00EF24A6 /* RNINavigatorRouteHeaderViewManager.swift in Sources */,
				88237A29267541CE00EF24A6 /* UIReturnKeyType+Init.swift in Sources */,
				88237A4C267541CE00EF24A6 /* RNIWrapperViewManager.m in Sources */,
				88237A4B267541CE00EF24A6 /* RNIWrapperView.swift in Sources */,
				88237A4A267541CE00EF24A6 /* RNIWrapperViewManager.swift in Sources */,
				88237A3F267541CE00EF24A6 /* RNINavigatorRouteViewDelegate.swift in Sources */,
				88237A48267541CE00EF24A6 /* RNINavTransitionConfig.swift in Sources */,
				88237A22267541CE00EF24A6 /* UIOffset+Init.swift in Sources */,
				88237A30267541CE00EF24A6 /* UIColor+Helpers.swift in Sources */,
				88237A55267541CE00EF24A6 /* RNIError.swift in Sources */,
				88237A31267541CE00EF24A6 /* UISearchBar+Helpers.swift in Sources */,
				88237A3A267541CE00EF24A6 /* RNINavigatorRouteViewManager.swift in Sources */,
				88237A53267541CE00EF24A6 /* RNIUtilities.swift in Sources */,
				88237A1F267541CE00EF24A6 /* UIBlurEffect+Init.swift in Sources */,
				88237A4D267541CE00EF24A6 /* RNINavigatorViewManager.swift in Sources */,
				88237A25267541CE00EF24A6 /* UIView+Init.swift in Sources */,
				88237A35267541CE00EF24A6 /* RNINavigatorRouteHeaderShadowView.swift in Sources */,
				88237A26267541CE00EF24A6 /* UIControl+Init.swift in Sources */,
				88237A2E267541CE00EF24A6 /* UINavigationBar+Helpers.swift in Sources */,
			);
			runOnlyForDeploymentPostprocessing = 0;
		};
/* End PBXSourcesBuildPhase section */

/* Begin XCBuildConfiguration section */
		58B511ED1A9E6C8500147676 /* Debug */ = {
			isa = XCBuildConfiguration;
			buildSettings = {
				ALWAYS_SEARCH_USER_PATHS = NO;
				CLANG_CXX_LANGUAGE_STANDARD = "gnu++0x";
				CLANG_CXX_LIBRARY = "libc++";
				CLANG_ENABLE_MODULES = YES;
				CLANG_ENABLE_OBJC_ARC = YES;
				CLANG_WARN_BLOCK_CAPTURE_AUTORELEASING = YES;
				CLANG_WARN_BOOL_CONVERSION = YES;
				CLANG_WARN_COMMA = YES;
				CLANG_WARN_CONSTANT_CONVERSION = YES;
				CLANG_WARN_DIRECT_OBJC_ISA_USAGE = YES_ERROR;
				CLANG_WARN_EMPTY_BODY = YES;
				CLANG_WARN_ENUM_CONVERSION = YES;
				CLANG_WARN_INFINITE_RECURSION = YES;
				CLANG_WARN_INT_CONVERSION = YES;
				CLANG_WARN_NON_LITERAL_NULL_CONVERSION = YES;
				CLANG_WARN_OBJC_LITERAL_CONVERSION = YES;
				CLANG_WARN_OBJC_ROOT_CLASS = YES_ERROR;
				CLANG_WARN_RANGE_LOOP_ANALYSIS = YES;
				CLANG_WARN_STRICT_PROTOTYPES = YES;
				CLANG_WARN_SUSPICIOUS_MOVE = YES;
				CLANG_WARN_UNREACHABLE_CODE = YES;
				CLANG_WARN__DUPLICATE_METHOD_MATCH = YES;
				COPY_PHASE_STRIP = NO;
				ENABLE_STRICT_OBJC_MSGSEND = YES;
				ENABLE_TESTABILITY = YES;
				GCC_C_LANGUAGE_STANDARD = gnu99;
				GCC_DYNAMIC_NO_PIC = NO;
				GCC_NO_COMMON_BLOCKS = YES;
				GCC_OPTIMIZATION_LEVEL = 0;
				GCC_PREPROCESSOR_DEFINITIONS = (
					"DEBUG=1",
					"$(inherited)",
				);
				GCC_SYMBOLS_PRIVATE_EXTERN = NO;
				GCC_WARN_64_TO_32_BIT_CONVERSION = YES;
				GCC_WARN_ABOUT_RETURN_TYPE = YES_ERROR;
				GCC_WARN_UNDECLARED_SELECTOR = YES;
				GCC_WARN_UNINITIALIZED_AUTOS = YES_AGGRESSIVE;
				GCC_WARN_UNUSED_FUNCTION = YES;
				GCC_WARN_UNUSED_VARIABLE = YES;
				IPHONEOS_DEPLOYMENT_TARGET = 8.0;
				MTL_ENABLE_DEBUG_INFO = YES;
				ONLY_ACTIVE_ARCH = YES;
				SDKROOT = iphoneos;
			};
			name = Debug;
		};
		58B511EE1A9E6C8500147676 /* Release */ = {
			isa = XCBuildConfiguration;
			buildSettings = {
				ALWAYS_SEARCH_USER_PATHS = NO;
				CLANG_CXX_LANGUAGE_STANDARD = "gnu++0x";
				CLANG_CXX_LIBRARY = "libc++";
				CLANG_ENABLE_MODULES = YES;
				CLANG_ENABLE_OBJC_ARC = YES;
				CLANG_WARN_BLOCK_CAPTURE_AUTORELEASING = YES;
				CLANG_WARN_BOOL_CONVERSION = YES;
				CLANG_WARN_COMMA = YES;
				CLANG_WARN_CONSTANT_CONVERSION = YES;
				CLANG_WARN_DIRECT_OBJC_ISA_USAGE = YES_ERROR;
				CLANG_WARN_EMPTY_BODY = YES;
				CLANG_WARN_ENUM_CONVERSION = YES;
				CLANG_WARN_INFINITE_RECURSION = YES;
				CLANG_WARN_INT_CONVERSION = YES;
				CLANG_WARN_NON_LITERAL_NULL_CONVERSION = YES;
				CLANG_WARN_OBJC_LITERAL_CONVERSION = YES;
				CLANG_WARN_OBJC_ROOT_CLASS = YES_ERROR;
				CLANG_WARN_RANGE_LOOP_ANALYSIS = YES;
				CLANG_WARN_STRICT_PROTOTYPES = YES;
				CLANG_WARN_SUSPICIOUS_MOVE = YES;
				CLANG_WARN_UNREACHABLE_CODE = YES;
				CLANG_WARN__DUPLICATE_METHOD_MATCH = YES;
				COPY_PHASE_STRIP = YES;
				ENABLE_NS_ASSERTIONS = NO;
				ENABLE_STRICT_OBJC_MSGSEND = YES;
				GCC_C_LANGUAGE_STANDARD = gnu99;
				GCC_NO_COMMON_BLOCKS = YES;
				GCC_WARN_64_TO_32_BIT_CONVERSION = YES;
				GCC_WARN_ABOUT_RETURN_TYPE = YES_ERROR;
				GCC_WARN_UNDECLARED_SELECTOR = YES;
				GCC_WARN_UNINITIALIZED_AUTOS = YES_AGGRESSIVE;
				GCC_WARN_UNUSED_FUNCTION = YES;
				GCC_WARN_UNUSED_VARIABLE = YES;
				IPHONEOS_DEPLOYMENT_TARGET = 8.0;
				MTL_ENABLE_DEBUG_INFO = NO;
				SDKROOT = iphoneos;
				VALIDATE_PRODUCT = YES;
			};
			name = Release;
		};
		58B511F01A9E6C8500147676 /* Debug */ = {
			isa = XCBuildConfiguration;
			buildSettings = {
				CLANG_ENABLE_MODULES = YES;
				HEADER_SEARCH_PATHS = (
					"$(inherited)",
					/Applications/Xcode.app/Contents/Developer/Toolchains/XcodeDefault.xctoolchain/usr/include,
					"$(SRCROOT)/../../../React/**",
					"$(SRCROOT)/../../react-native/React/**",
				);
				LD_RUNPATH_SEARCH_PATHS = "$(inherited) @executable_path/Frameworks @loader_path/Frameworks";
				LIBRARY_SEARCH_PATHS = "$(inherited)";
				OTHER_LDFLAGS = "-ObjC";
				PRODUCT_NAME = IosNavigator;
				SKIP_INSTALL = YES;
				SWIFT_OBJC_BRIDGING_HEADER = "Src/IosNavigator-Bridging-Header.h";
				SWIFT_OPTIMIZATION_LEVEL = "-Onone";
				SWIFT_VERSION = 5.0;
			};
			name = Debug;
		};
		58B511F11A9E6C8500147676 /* Release */ = {
			isa = XCBuildConfiguration;
			buildSettings = {
				CLANG_ENABLE_MODULES = YES;
				HEADER_SEARCH_PATHS = (
					"$(inherited)",
					/Applications/Xcode.app/Contents/Developer/Toolchains/XcodeDefault.xctoolchain/usr/include,
					"$(SRCROOT)/../../../React/**",
					"$(SRCROOT)/../../react-native/React/**",
				);
				LD_RUNPATH_SEARCH_PATHS = "$(inherited) @executable_path/Frameworks @loader_path/Frameworks";
				LIBRARY_SEARCH_PATHS = "$(inherited)";
				OTHER_LDFLAGS = "-ObjC";
				PRODUCT_NAME = IosNavigator;
				SKIP_INSTALL = YES;
				SWIFT_OBJC_BRIDGING_HEADER = "Src/IosNavigator-Bridging-Header.h";
				SWIFT_VERSION = 5.0;
			};
			name = Release;
		};
/* End XCBuildConfiguration section */

/* Begin XCConfigurationList section */
		58B511D61A9E6C8500147676 /* Build configuration list for PBXProject "IosNavigator" */ = {
			isa = XCConfigurationList;
			buildConfigurations = (
				58B511ED1A9E6C8500147676 /* Debug */,
				58B511EE1A9E6C8500147676 /* Release */,
			);
			defaultConfigurationIsVisible = 0;
			defaultConfigurationName = Release;
		};
		58B511EF1A9E6C8500147676 /* Build configuration list for PBXNativeTarget "IosNavigator" */ = {
			isa = XCConfigurationList;
			buildConfigurations = (
				58B511F01A9E6C8500147676 /* Debug */,
				58B511F11A9E6C8500147676 /* Release */,
			);
			defaultConfigurationIsVisible = 0;
			defaultConfigurationName = Release;
		};
/* End XCConfigurationList section */
	};
	rootObject = 58B511D31A9E6C8500147676 /* Project object */;
}
