// !$*UTF8*$!
{
	archiveVersion = 1;
	classes = {
	};
	objectVersion = 46;
	objects = {

/* Begin PBXBuildFile section */
		88CE9B8126F19E6D00E3BF6E /* UIBarMetrics+Init.swift in Sources */ = {isa = PBXBuildFile; fileRef = 88CE9B3826F19E6D00E3BF6E /* UIBarMetrics+Init.swift */; };
		88CE9B8226F19E6D00E3BF6E /* RCTTextTransform+Init.swift in Sources */ = {isa = PBXBuildFile; fileRef = 88CE9B3926F19E6D00E3BF6E /* RCTTextTransform+Init.swift */; };
		88CE9B8326F19E6D00E3BF6E /* UINavigationItem+Init.swift in Sources */ = {isa = PBXBuildFile; fileRef = 88CE9B3A26F19E6D00E3BF6E /* UINavigationItem+Init.swift */; };
		88CE9B8426F19E6D00E3BF6E /* NSUnderlineStyle+Init.swift in Sources */ = {isa = PBXBuildFile; fileRef = 88CE9B3B26F19E6D00E3BF6E /* NSUnderlineStyle+Init.swift */; };
		88CE9B8526F19E6D00E3BF6E /* RCTTextDecorationLineType+Init.swift in Sources */ = {isa = PBXBuildFile; fileRef = 88CE9B3C26F19E6D00E3BF6E /* RCTTextDecorationLineType+Init.swift */; };
		88CE9B8626F19E6D00E3BF6E /* RCTTextAttributes+Init.swift in Sources */ = {isa = PBXBuildFile; fileRef = 88CE9B3D26F19E6D00E3BF6E /* RCTTextAttributes+Init.swift */; };
		88CE9B8726F19E6D00E3BF6E /* UIBlurEffect+Init.swift in Sources */ = {isa = PBXBuildFile; fileRef = 88CE9B3E26F19E6D00E3BF6E /* UIBlurEffect+Init.swift */; };
		88CE9B8826F19E6D00E3BF6E /* UISearchBar+Init.swift in Sources */ = {isa = PBXBuildFile; fileRef = 88CE9B3F26F19E6D00E3BF6E /* UISearchBar+Init.swift */; };
		88CE9B8926F19E6D00E3BF6E /* UIBarStyle+Init.swift in Sources */ = {isa = PBXBuildFile; fileRef = 88CE9B4026F19E6D00E3BF6E /* UIBarStyle+Init.swift */; };
		88CE9B8A26F19E6D00E3BF6E /* UIOffset+Init.swift in Sources */ = {isa = PBXBuildFile; fileRef = 88CE9B4126F19E6D00E3BF6E /* UIOffset+Init.swift */; };
		88CE9B8B26F19E6D00E3BF6E /* UIStatusBarStyle+Init.swift in Sources */ = {isa = PBXBuildFile; fileRef = 88CE9B4226F19E6D00E3BF6E /* UIStatusBarStyle+Init.swift */; };
		88CE9B8C26F19E6D00E3BF6E /* NSTextAlignment+Init.swift in Sources */ = {isa = PBXBuildFile; fileRef = 88CE9B4326F19E6D00E3BF6E /* NSTextAlignment+Init.swift */; };
		88CE9B8D26F19E6D00E3BF6E /* UIView+Init.swift in Sources */ = {isa = PBXBuildFile; fileRef = 88CE9B4426F19E6D00E3BF6E /* UIView+Init.swift */; };
		88CE9B8E26F19E6D00E3BF6E /* UIControl+Init.swift in Sources */ = {isa = PBXBuildFile; fileRef = 88CE9B4526F19E6D00E3BF6E /* UIControl+Init.swift */; };
		88CE9B8F26F19E6D00E3BF6E /* CAGradientLayerType+Init.swift in Sources */ = {isa = PBXBuildFile; fileRef = 88CE9B4626F19E6D00E3BF6E /* CAGradientLayerType+Init.swift */; };
		88CE9B9026F19E6D00E3BF6E /* UIBarButtonItem+Init.swift in Sources */ = {isa = PBXBuildFile; fileRef = 88CE9B4726F19E6D00E3BF6E /* UIBarButtonItem+Init.swift */; };
		88CE9B9126F19E6D00E3BF6E /* UIReturnKeyType+Init.swift in Sources */ = {isa = PBXBuildFile; fileRef = 88CE9B4826F19E6D00E3BF6E /* UIReturnKeyType+Init.swift */; };
		88CE9B9226F19E6D00E3BF6E /* WeakObjects.swift in Sources */ = {isa = PBXBuildFile; fileRef = 88CE9B4926F19E6D00E3BF6E /* WeakObjects.swift */; };
		88CE9B9326F19E6D00E3BF6E /* UINavigationItem+Helpers.swift in Sources */ = {isa = PBXBuildFile; fileRef = 88CE9B4B26F19E6D00E3BF6E /* UINavigationItem+Helpers.swift */; };
		88CE9B9426F19E6D00E3BF6E /* UIViewController+Helpers.swift in Sources */ = {isa = PBXBuildFile; fileRef = 88CE9B4C26F19E6D00E3BF6E /* UIViewController+Helpers.swift */; };
		88CE9B9526F19E6D00E3BF6E /* UIEdgeInsets+Helpers.swift in Sources */ = {isa = PBXBuildFile; fileRef = 88CE9B4D26F19E6D00E3BF6E /* UIEdgeInsets+Helpers.swift */; };
		88CE9B9626F19E6D00E3BF6E /* UINavigationBar+Helpers.swift in Sources */ = {isa = PBXBuildFile; fileRef = 88CE9B4E26F19E6D00E3BF6E /* UINavigationBar+Helpers.swift */; };
		88CE9B9726F19E6D00E3BF6E /* UIView+Helpers.swift in Sources */ = {isa = PBXBuildFile; fileRef = 88CE9B4F26F19E6D00E3BF6E /* UIView+Helpers.swift */; };
		88CE9B9826F19E6D00E3BF6E /* UIColor+Helpers.swift in Sources */ = {isa = PBXBuildFile; fileRef = 88CE9B5026F19E6D00E3BF6E /* UIColor+Helpers.swift */; };
		88CE9B9926F19E6D00E3BF6E /* UISearchBar+Helpers.swift in Sources */ = {isa = PBXBuildFile; fileRef = 88CE9B5126F19E6D00E3BF6E /* UISearchBar+Helpers.swift */; };
		88CE9B9A26F19E6D00E3BF6E /* CGRect+Helpers.swift in Sources */ = {isa = PBXBuildFile; fileRef = 88CE9B5226F19E6D00E3BF6E /* CGRect+Helpers.swift */; };
		88CE9B9B26F19E6D00E3BF6E /* UINavigationController+Helpers.swift in Sources */ = {isa = PBXBuildFile; fileRef = 88CE9B5326F19E6D00E3BF6E /* UINavigationController+Helpers.swift */; };
		88CE9B9C26F19E6D00E3BF6E /* TransitionAnimations.swift in Sources */ = {isa = PBXBuildFile; fileRef = 88CE9B5426F19E6D00E3BF6E /* TransitionAnimations.swift */; };
		88CE9B9D26F19E6D00E3BF6E /* RNINavigatorRouteHeaderShadowView.swift in Sources */ = {isa = PBXBuildFile; fileRef = 88CE9B5726F19E6D00E3BF6E /* RNINavigatorRouteHeaderShadowView.swift */; };
		88CE9B9E26F19E6D00E3BF6E /* RNINavigatorRouteHeaderView.swift in Sources */ = {isa = PBXBuildFile; fileRef = 88CE9B5826F19E6D00E3BF6E /* RNINavigatorRouteHeaderView.swift */; };
		88CE9B9F26F19E6D00E3BF6E /* RNINavigatorRouteHeaderViewManager.swift in Sources */ = {isa = PBXBuildFile; fileRef = 88CE9B5926F19E6D00E3BF6E /* RNINavigatorRouteHeaderViewManager.swift */; };
		88CE9BA026F19E6D00E3BF6E /* RNINavigatorRouteHeaderViewManager.m in Sources */ = {isa = PBXBuildFile; fileRef = 88CE9B5A26F19E6D00E3BF6E /* RNINavigatorRouteHeaderViewManager.m */; };
		88CE9BA126F19E6D00E3BF6E /* RNIRootViewController.swift in Sources */ = {isa = PBXBuildFile; fileRef = 88CE9B5B26F19E6D00E3BF6E /* RNIRootViewController.swift */; };
		88CE9BA226F19E6D00E3BF6E /* RNINavigatorRouteViewManager.swift in Sources */ = {isa = PBXBuildFile; fileRef = 88CE9B5D26F19E6D00E3BF6E /* RNINavigatorRouteViewManager.swift */; };
		88CE9BA326F19E6D00E3BF6E /* RNINavigatorRouteViewManager.m in Sources */ = {isa = PBXBuildFile; fileRef = 88CE9B5E26F19E6D00E3BF6E /* RNINavigatorRouteViewManager.m */; };
		88CE9BA426F19E6D00E3BF6E /* RNINavigatorRouteViewModule.m in Sources */ = {isa = PBXBuildFile; fileRef = 88CE9B5F26F19E6D00E3BF6E /* RNINavigatorRouteViewModule.m */; };
		88CE9BA526F19E6D00E3BF6E /* RNINavigatorRouteView.swift in Sources */ = {isa = PBXBuildFile; fileRef = 88CE9B6026F19E6D00E3BF6E /* RNINavigatorRouteView.swift */; };
		88CE9BA626F19E6D00E3BF6E /* RNINavigatorRouteViewModule.swift in Sources */ = {isa = PBXBuildFile; fileRef = 88CE9B6126F19E6D00E3BF6E /* RNINavigatorRouteViewModule.swift */; };
		88CE9BA726F19E6D00E3BF6E /* RNINavigatorRouteViewDelegate.swift in Sources */ = {isa = PBXBuildFile; fileRef = 88CE9B6226F19E6D00E3BF6E /* RNINavigatorRouteViewDelegate.swift */; };
		88CE9BA826F19E6D00E3BF6E /* RNINavigatorRouteBaseViewController.swift in Sources */ = {isa = PBXBuildFile; fileRef = 88CE9B6426F19E6D00E3BF6E /* RNINavigatorRouteBaseViewController.swift */; };
		88CE9BA926F19E6D00E3BF6E /* RNINavigatorRouteViewControllerDelegate.swift in Sources */ = {isa = PBXBuildFile; fileRef = 88CE9B6526F19E6D00E3BF6E /* RNINavigatorRouteViewControllerDelegate.swift */; };
		88CE9BAA26F19E6D00E3BF6E /* RNINavigatorReactRouteViewController.swift in Sources */ = {isa = PBXBuildFile; fileRef = 88CE9B6626F19E6D00E3BF6E /* RNINavigatorReactRouteViewController.swift */; };
		88CE9BAB26F19E6D00E3BF6E /* RNINavigationControllerConfig.swift in Sources */ = {isa = PBXBuildFile; fileRef = 88CE9B6826F19E6D00E3BF6E /* RNINavigationControllerConfig.swift */; };
		88CE9BAC26F19E6D00E3BF6E /* RNINavigatorError.swift in Sources */ = {isa = PBXBuildFile; fileRef = 88CE9B6926F19E6D00E3BF6E /* RNINavigatorError.swift */; };
		88CE9BAD26F19E6D00E3BF6E /* RNINavBarItemConfig.swift in Sources */ = {isa = PBXBuildFile; fileRef = 88CE9B6A26F19E6D00E3BF6E /* RNINavBarItemConfig.swift */; };
		88CE9BAE26F19E6D00E3BF6E /* RNINavigatorManager.swift in Sources */ = {isa = PBXBuildFile; fileRef = 88CE9B6B26F19E6D00E3BF6E /* RNINavigatorManager.swift */; };
		88CE9BAF26F19E6D00E3BF6E /* RNINavigatorUIConstantsObserver.swift in Sources */ = {isa = PBXBuildFile; fileRef = 88CE9B6C26F19E6D00E3BF6E /* RNINavigatorUIConstantsObserver.swift */; };
		88CE9BB026F19E6D00E3BF6E /* RNISearchControllerConfig.swift in Sources */ = {isa = PBXBuildFile; fileRef = 88CE9B6D26F19E6D00E3BF6E /* RNISearchControllerConfig.swift */; };
		88CE9BB126F19E6D00E3BF6E /* RNINavigationController.swift in Sources */ = {isa = PBXBuildFile; fileRef = 88CE9B6E26F19E6D00E3BF6E /* RNINavigationController.swift */; };
		88CE9BB226F19E6D00E3BF6E /* RNINavTransitionConfig.swift in Sources */ = {isa = PBXBuildFile; fileRef = 88CE9B6F26F19E6D00E3BF6E /* RNINavTransitionConfig.swift */; };
		88CE9BB326F19E6D00E3BF6E /* RNINavBarAppearance.swift in Sources */ = {isa = PBXBuildFile; fileRef = 88CE9B7026F19E6D00E3BF6E /* RNINavBarAppearance.swift */; };
		88CE9BB426F19E6D00E3BF6E /* RNIWrapperViewManager.swift in Sources */ = {isa = PBXBuildFile; fileRef = 88CE9B7226F19E6D00E3BF6E /* RNIWrapperViewManager.swift */; };
		88CE9BB526F19E6D00E3BF6E /* RNIWrapperView.swift in Sources */ = {isa = PBXBuildFile; fileRef = 88CE9B7326F19E6D00E3BF6E /* RNIWrapperView.swift */; };
		88CE9BB626F19E6D00E3BF6E /* RNIWrapperViewModule.swift in Sources */ = {isa = PBXBuildFile; fileRef = 88CE9B7426F19E6D00E3BF6E /* RNIWrapperViewModule.swift */; };
		88CE9BB726F19E6D00E3BF6E /* RNIWrapperViewManager.m in Sources */ = {isa = PBXBuildFile; fileRef = 88CE9B7526F19E6D00E3BF6E /* RNIWrapperViewManager.m */; };
		88CE9BB826F19E6D00E3BF6E /* RNIWrapperViewModule.m in Sources */ = {isa = PBXBuildFile; fileRef = 88CE9B7626F19E6D00E3BF6E /* RNIWrapperViewModule.m */; };
		88CE9BB926F19E6D00E3BF6E /* RNINavigatorViewManager.swift in Sources */ = {isa = PBXBuildFile; fileRef = 88CE9B7826F19E6D00E3BF6E /* RNINavigatorViewManager.swift */; };
		88CE9BBA26F19E6D00E3BF6E /* RNINavigatorView.swift in Sources */ = {isa = PBXBuildFile; fileRef = 88CE9B7926F19E6D00E3BF6E /* RNINavigatorView.swift */; };
		88CE9BBB26F19E6D00E3BF6E /* RNINavigatorViewModule.m in Sources */ = {isa = PBXBuildFile; fileRef = 88CE9B7A26F19E6D00E3BF6E /* RNINavigatorViewModule.m */; };
		88CE9BBC26F19E6D00E3BF6E /* RNINavigatorViewManager.m in Sources */ = {isa = PBXBuildFile; fileRef = 88CE9B7B26F19E6D00E3BF6E /* RNINavigatorViewManager.m */; };
		88CE9BBD26F19E6D00E3BF6E /* RNINavigatorViewDelegate.swift in Sources */ = {isa = PBXBuildFile; fileRef = 88CE9B7C26F19E6D00E3BF6E /* RNINavigatorViewDelegate.swift */; };
		88CE9BBE26F19E6D00E3BF6E /* RNINavigatorViewModule.swift in Sources */ = {isa = PBXBuildFile; fileRef = 88CE9B7D26F19E6D00E3BF6E /* RNINavigatorViewModule.swift */; };
		88CE9BBF26F19E6D00E3BF6E /* RNIUtilities.swift in Sources */ = {isa = PBXBuildFile; fileRef = 88CE9B7F26F19E6D00E3BF6E /* RNIUtilities.swift */; };
		88CE9BC026F19E6D00E3BF6E /* RNIImageItem.swift in Sources */ = {isa = PBXBuildFile; fileRef = 88CE9B8026F19E6D00E3BF6E /* RNIImageItem.swift */; };
/* End PBXBuildFile section */

/* Begin PBXCopyFilesBuildPhase section */
		58B511D91A9E6C8500147676 /* CopyFiles */ = {
			isa = PBXCopyFilesBuildPhase;
			buildActionMask = 2147483647;
			dstPath = "include/$(PRODUCT_NAME)";
			dstSubfolderSpec = 16;
			files = (
			);
			runOnlyForDeploymentPostprocessing = 0;
		};
/* End PBXCopyFilesBuildPhase section */

/* Begin PBXFileReference section */
		134814201AA4EA6300B7C361 /* libIosNavigator.a */ = {isa = PBXFileReference; explicitFileType = archive.ar; includeInIndex = 0; path = libIosNavigator.a; sourceTree = BUILT_PRODUCTS_DIR; };
		88CE9B3626F19E6D00E3BF6E /* IosNavigator-Bridging-Header.h */ = {isa = PBXFileReference; fileEncoding = 4; lastKnownFileType = sourcecode.c.h; path = "IosNavigator-Bridging-Header.h"; sourceTree = "<group>"; };
		88CE9B3826F19E6D00E3BF6E /* UIBarMetrics+Init.swift */ = {isa = PBXFileReference; fileEncoding = 4; lastKnownFileType = sourcecode.swift; path = "UIBarMetrics+Init.swift"; sourceTree = "<group>"; };
		88CE9B3926F19E6D00E3BF6E /* RCTTextTransform+Init.swift */ = {isa = PBXFileReference; fileEncoding = 4; lastKnownFileType = sourcecode.swift; path = "RCTTextTransform+Init.swift"; sourceTree = "<group>"; };
		88CE9B3A26F19E6D00E3BF6E /* UINavigationItem+Init.swift */ = {isa = PBXFileReference; fileEncoding = 4; lastKnownFileType = sourcecode.swift; path = "UINavigationItem+Init.swift"; sourceTree = "<group>"; };
		88CE9B3B26F19E6D00E3BF6E /* NSUnderlineStyle+Init.swift */ = {isa = PBXFileReference; fileEncoding = 4; lastKnownFileType = sourcecode.swift; path = "NSUnderlineStyle+Init.swift"; sourceTree = "<group>"; };
		88CE9B3C26F19E6D00E3BF6E /* RCTTextDecorationLineType+Init.swift */ = {isa = PBXFileReference; fileEncoding = 4; lastKnownFileType = sourcecode.swift; path = "RCTTextDecorationLineType+Init.swift"; sourceTree = "<group>"; };
		88CE9B3D26F19E6D00E3BF6E /* RCTTextAttributes+Init.swift */ = {isa = PBXFileReference; fileEncoding = 4; lastKnownFileType = sourcecode.swift; path = "RCTTextAttributes+Init.swift"; sourceTree = "<group>"; };
		88CE9B3E26F19E6D00E3BF6E /* UIBlurEffect+Init.swift */ = {isa = PBXFileReference; fileEncoding = 4; lastKnownFileType = sourcecode.swift; path = "UIBlurEffect+Init.swift"; sourceTree = "<group>"; };
		88CE9B3F26F19E6D00E3BF6E /* UISearchBar+Init.swift */ = {isa = PBXFileReference; fileEncoding = 4; lastKnownFileType = sourcecode.swift; path = "UISearchBar+Init.swift"; sourceTree = "<group>"; };
		88CE9B4026F19E6D00E3BF6E /* UIBarStyle+Init.swift */ = {isa = PBXFileReference; fileEncoding = 4; lastKnownFileType = sourcecode.swift; path = "UIBarStyle+Init.swift"; sourceTree = "<group>"; };
		88CE9B4126F19E6D00E3BF6E /* UIOffset+Init.swift */ = {isa = PBXFileReference; fileEncoding = 4; lastKnownFileType = sourcecode.swift; path = "UIOffset+Init.swift"; sourceTree = "<group>"; };
		88CE9B4226F19E6D00E3BF6E /* UIStatusBarStyle+Init.swift */ = {isa = PBXFileReference; fileEncoding = 4; lastKnownFileType = sourcecode.swift; path = "UIStatusBarStyle+Init.swift"; sourceTree = "<group>"; };
		88CE9B4326F19E6D00E3BF6E /* NSTextAlignment+Init.swift */ = {isa = PBXFileReference; fileEncoding = 4; lastKnownFileType = sourcecode.swift; path = "NSTextAlignment+Init.swift"; sourceTree = "<group>"; };
		88CE9B4426F19E6D00E3BF6E /* UIView+Init.swift */ = {isa = PBXFileReference; fileEncoding = 4; lastKnownFileType = sourcecode.swift; path = "UIView+Init.swift"; sourceTree = "<group>"; };
		88CE9B4526F19E6D00E3BF6E /* UIControl+Init.swift */ = {isa = PBXFileReference; fileEncoding = 4; lastKnownFileType = sourcecode.swift; path = "UIControl+Init.swift"; sourceTree = "<group>"; };
		88CE9B4626F19E6D00E3BF6E /* CAGradientLayerType+Init.swift */ = {isa = PBXFileReference; fileEncoding = 4; lastKnownFileType = sourcecode.swift; path = "CAGradientLayerType+Init.swift"; sourceTree = "<group>"; };
		88CE9B4726F19E6D00E3BF6E /* UIBarButtonItem+Init.swift */ = {isa = PBXFileReference; fileEncoding = 4; lastKnownFileType = sourcecode.swift; path = "UIBarButtonItem+Init.swift"; sourceTree = "<group>"; };
		88CE9B4826F19E6D00E3BF6E /* UIReturnKeyType+Init.swift */ = {isa = PBXFileReference; fileEncoding = 4; lastKnownFileType = sourcecode.swift; path = "UIReturnKeyType+Init.swift"; sourceTree = "<group>"; };
		88CE9B4926F19E6D00E3BF6E /* WeakObjects.swift */ = {isa = PBXFileReference; fileEncoding = 4; lastKnownFileType = sourcecode.swift; path = WeakObjects.swift; sourceTree = "<group>"; };
		88CE9B4B26F19E6D00E3BF6E /* UINavigationItem+Helpers.swift */ = {isa = PBXFileReference; fileEncoding = 4; lastKnownFileType = sourcecode.swift; path = "UINavigationItem+Helpers.swift"; sourceTree = "<group>"; };
		88CE9B4C26F19E6D00E3BF6E /* UIViewController+Helpers.swift */ = {isa = PBXFileReference; fileEncoding = 4; lastKnownFileType = sourcecode.swift; path = "UIViewController+Helpers.swift"; sourceTree = "<group>"; };
		88CE9B4D26F19E6D00E3BF6E /* UIEdgeInsets+Helpers.swift */ = {isa = PBXFileReference; fileEncoding = 4; lastKnownFileType = sourcecode.swift; path = "UIEdgeInsets+Helpers.swift"; sourceTree = "<group>"; };
		88CE9B4E26F19E6D00E3BF6E /* UINavigationBar+Helpers.swift */ = {isa = PBXFileReference; fileEncoding = 4; lastKnownFileType = sourcecode.swift; path = "UINavigationBar+Helpers.swift"; sourceTree = "<group>"; };
		88CE9B4F26F19E6D00E3BF6E /* UIView+Helpers.swift */ = {isa = PBXFileReference; fileEncoding = 4; lastKnownFileType = sourcecode.swift; path = "UIView+Helpers.swift"; sourceTree = "<group>"; };
		88CE9B5026F19E6D00E3BF6E /* UIColor+Helpers.swift */ = {isa = PBXFileReference; fileEncoding = 4; lastKnownFileType = sourcecode.swift; path = "UIColor+Helpers.swift"; sourceTree = "<group>"; };
		88CE9B5126F19E6D00E3BF6E /* UISearchBar+Helpers.swift */ = {isa = PBXFileReference; fileEncoding = 4; lastKnownFileType = sourcecode.swift; path = "UISearchBar+Helpers.swift"; sourceTree = "<group>"; };
		88CE9B5226F19E6D00E3BF6E /* CGRect+Helpers.swift */ = {isa = PBXFileReference; fileEncoding = 4; lastKnownFileType = sourcecode.swift; path = "CGRect+Helpers.swift"; sourceTree = "<group>"; };
		88CE9B5326F19E6D00E3BF6E /* UINavigationController+Helpers.swift */ = {isa = PBXFileReference; fileEncoding = 4; lastKnownFileType = sourcecode.swift; path = "UINavigationController+Helpers.swift"; sourceTree = "<group>"; };
		88CE9B5426F19E6D00E3BF6E /* TransitionAnimations.swift */ = {isa = PBXFileReference; fileEncoding = 4; lastKnownFileType = sourcecode.swift; path = TransitionAnimations.swift; sourceTree = "<group>"; };
		88CE9B5726F19E6D00E3BF6E /* RNINavigatorRouteHeaderShadowView.swift */ = {isa = PBXFileReference; fileEncoding = 4; lastKnownFileType = sourcecode.swift; path = RNINavigatorRouteHeaderShadowView.swift; sourceTree = "<group>"; };
		88CE9B5826F19E6D00E3BF6E /* RNINavigatorRouteHeaderView.swift */ = {isa = PBXFileReference; fileEncoding = 4; lastKnownFileType = sourcecode.swift; path = RNINavigatorRouteHeaderView.swift; sourceTree = "<group>"; };
		88CE9B5926F19E6D00E3BF6E /* RNINavigatorRouteHeaderViewManager.swift */ = {isa = PBXFileReference; fileEncoding = 4; lastKnownFileType = sourcecode.swift; path = RNINavigatorRouteHeaderViewManager.swift; sourceTree = "<group>"; };
		88CE9B5A26F19E6D00E3BF6E /* RNINavigatorRouteHeaderViewManager.m */ = {isa = PBXFileReference; fileEncoding = 4; lastKnownFileType = sourcecode.c.objc; path = RNINavigatorRouteHeaderViewManager.m; sourceTree = "<group>"; };
		88CE9B5B26F19E6D00E3BF6E /* RNIRootViewController.swift */ = {isa = PBXFileReference; fileEncoding = 4; lastKnownFileType = sourcecode.swift; path = RNIRootViewController.swift; sourceTree = "<group>"; };
		88CE9B5D26F19E6D00E3BF6E /* RNINavigatorRouteViewManager.swift */ = {isa = PBXFileReference; fileEncoding = 4; lastKnownFileType = sourcecode.swift; path = RNINavigatorRouteViewManager.swift; sourceTree = "<group>"; };
		88CE9B5E26F19E6D00E3BF6E /* RNINavigatorRouteViewManager.m */ = {isa = PBXFileReference; fileEncoding = 4; lastKnownFileType = sourcecode.c.objc; path = RNINavigatorRouteViewManager.m; sourceTree = "<group>"; };
		88CE9B5F26F19E6D00E3BF6E /* RNINavigatorRouteViewModule.m */ = {isa = PBXFileReference; fileEncoding = 4; lastKnownFileType = sourcecode.c.objc; path = RNINavigatorRouteViewModule.m; sourceTree = "<group>"; };
		88CE9B6026F19E6D00E3BF6E /* RNINavigatorRouteView.swift */ = {isa = PBXFileReference; fileEncoding = 4; lastKnownFileType = sourcecode.swift; path = RNINavigatorRouteView.swift; sourceTree = "<group>"; };
		88CE9B6126F19E6D00E3BF6E /* RNINavigatorRouteViewModule.swift */ = {isa = PBXFileReference; fileEncoding = 4; lastKnownFileType = sourcecode.swift; path = RNINavigatorRouteViewModule.swift; sourceTree = "<group>"; };
		88CE9B6226F19E6D00E3BF6E /* RNINavigatorRouteViewDelegate.swift */ = {isa = PBXFileReference; fileEncoding = 4; lastKnownFileType = sourcecode.swift; path = RNINavigatorRouteViewDelegate.swift; sourceTree = "<group>"; };
		88CE9B6426F19E6D00E3BF6E /* RNINavigatorRouteBaseViewController.swift */ = {isa = PBXFileReference; fileEncoding = 4; lastKnownFileType = sourcecode.swift; path = RNINavigatorRouteBaseViewController.swift; sourceTree = "<group>"; };
		88CE9B6526F19E6D00E3BF6E /* RNINavigatorRouteViewControllerDelegate.swift */ = {isa = PBXFileReference; fileEncoding = 4; lastKnownFileType = sourcecode.swift; path = RNINavigatorRouteViewControllerDelegate.swift; sourceTree = "<group>"; };
		88CE9B6626F19E6D00E3BF6E /* RNINavigatorReactRouteViewController.swift */ = {isa = PBXFileReference; fileEncoding = 4; lastKnownFileType = sourcecode.swift; path = RNINavigatorReactRouteViewController.swift; sourceTree = "<group>"; };
		88CE9B6826F19E6D00E3BF6E /* RNINavigationControllerConfig.swift */ = {isa = PBXFileReference; fileEncoding = 4; lastKnownFileType = sourcecode.swift; path = RNINavigationControllerConfig.swift; sourceTree = "<group>"; };
		88CE9B6926F19E6D00E3BF6E /* RNINavigatorError.swift */ = {isa = PBXFileReference; fileEncoding = 4; lastKnownFileType = sourcecode.swift; path = RNINavigatorError.swift; sourceTree = "<group>"; };
		88CE9B6A26F19E6D00E3BF6E /* RNINavBarItemConfig.swift */ = {isa = PBXFileReference; fileEncoding = 4; lastKnownFileType = sourcecode.swift; path = RNINavBarItemConfig.swift; sourceTree = "<group>"; };
		88CE9B6B26F19E6D00E3BF6E /* RNINavigatorManager.swift */ = {isa = PBXFileReference; fileEncoding = 4; lastKnownFileType = sourcecode.swift; path = RNINavigatorManager.swift; sourceTree = "<group>"; };
		88CE9B6C26F19E6D00E3BF6E /* RNINavigatorUIConstantsObserver.swift */ = {isa = PBXFileReference; fileEncoding = 4; lastKnownFileType = sourcecode.swift; path = RNINavigatorUIConstantsObserver.swift; sourceTree = "<group>"; };
		88CE9B6D26F19E6D00E3BF6E /* RNISearchControllerConfig.swift */ = {isa = PBXFileReference; fileEncoding = 4; lastKnownFileType = sourcecode.swift; path = RNISearchControllerConfig.swift; sourceTree = "<group>"; };
		88CE9B6E26F19E6D00E3BF6E /* RNINavigationController.swift */ = {isa = PBXFileReference; fileEncoding = 4; lastKnownFileType = sourcecode.swift; path = RNINavigationController.swift; sourceTree = "<group>"; };
		88CE9B6F26F19E6D00E3BF6E /* RNINavTransitionConfig.swift */ = {isa = PBXFileReference; fileEncoding = 4; lastKnownFileType = sourcecode.swift; path = RNINavTransitionConfig.swift; sourceTree = "<group>"; };
		88CE9B7026F19E6D00E3BF6E /* RNINavBarAppearance.swift */ = {isa = PBXFileReference; fileEncoding = 4; lastKnownFileType = sourcecode.swift; path = RNINavBarAppearance.swift; sourceTree = "<group>"; };
		88CE9B7226F19E6D00E3BF6E /* RNIWrapperViewManager.swift */ = {isa = PBXFileReference; fileEncoding = 4; lastKnownFileType = sourcecode.swift; path = RNIWrapperViewManager.swift; sourceTree = "<group>"; };
		88CE9B7326F19E6D00E3BF6E /* RNIWrapperView.swift */ = {isa = PBXFileReference; fileEncoding = 4; lastKnownFileType = sourcecode.swift; path = RNIWrapperView.swift; sourceTree = "<group>"; };
		88CE9B7426F19E6D00E3BF6E /* RNIWrapperViewModule.swift */ = {isa = PBXFileReference; fileEncoding = 4; lastKnownFileType = sourcecode.swift; path = RNIWrapperViewModule.swift; sourceTree = "<group>"; };
		88CE9B7526F19E6D00E3BF6E /* RNIWrapperViewManager.m */ = {isa = PBXFileReference; fileEncoding = 4; lastKnownFileType = sourcecode.c.objc; path = RNIWrapperViewManager.m; sourceTree = "<group>"; };
		88CE9B7626F19E6D00E3BF6E /* RNIWrapperViewModule.m */ = {isa = PBXFileReference; fileEncoding = 4; lastKnownFileType = sourcecode.c.objc; path = RNIWrapperViewModule.m; sourceTree = "<group>"; };
		88CE9B7826F19E6D00E3BF6E /* RNINavigatorViewManager.swift */ = {isa = PBXFileReference; fileEncoding = 4; lastKnownFileType = sourcecode.swift; path = RNINavigatorViewManager.swift; sourceTree = "<group>"; };
		88CE9B7926F19E6D00E3BF6E /* RNINavigatorView.swift */ = {isa = PBXFileReference; fileEncoding = 4; lastKnownFileType = sourcecode.swift; path = RNINavigatorView.swift; sourceTree = "<group>"; };
		88CE9B7A26F19E6D00E3BF6E /* RNINavigatorViewModule.m */ = {isa = PBXFileReference; fileEncoding = 4; lastKnownFileType = sourcecode.c.objc; path = RNINavigatorViewModule.m; sourceTree = "<group>"; };
		88CE9B7B26F19E6D00E3BF6E /* RNINavigatorViewManager.m */ = {isa = PBXFileReference; fileEncoding = 4; lastKnownFileType = sourcecode.c.objc; path = RNINavigatorViewManager.m; sourceTree = "<group>"; };
		88CE9B7C26F19E6D00E3BF6E /* RNINavigatorViewDelegate.swift */ = {isa = PBXFileReference; fileEncoding = 4; lastKnownFileType = sourcecode.swift; path = RNINavigatorViewDelegate.swift; sourceTree = "<group>"; };
		88CE9B7D26F19E6D00E3BF6E /* RNINavigatorViewModule.swift */ = {isa = PBXFileReference; fileEncoding = 4; lastKnownFileType = sourcecode.swift; path = RNINavigatorViewModule.swift; sourceTree = "<group>"; };
		88CE9B7F26F19E6D00E3BF6E /* RNIUtilities.swift */ = {isa = PBXFileReference; fileEncoding = 4; lastKnownFileType = sourcecode.swift; path = RNIUtilities.swift; sourceTree = "<group>"; };
		88CE9B8026F19E6D00E3BF6E /* RNIImageItem.swift */ = {isa = PBXFileReference; fileEncoding = 4; lastKnownFileType = sourcecode.swift; path = RNIImageItem.swift; sourceTree = "<group>"; };
/* End PBXFileReference section */

/* Begin PBXFrameworksBuildPhase section */
		58B511D81A9E6C8500147676 /* Frameworks */ = {
			isa = PBXFrameworksBuildPhase;
			buildActionMask = 2147483647;
			files = (
			);
			runOnlyForDeploymentPostprocessing = 0;
		};
/* End PBXFrameworksBuildPhase section */

/* Begin PBXGroup section */
		134814211AA4EA7D00B7C361 /* Products */ = {
			isa = PBXGroup;
			children = (
				134814201AA4EA6300B7C361 /* libIosNavigator.a */,
			);
			name = Products;
			sourceTree = "<group>";
		};
		58B511D21A9E6C8500147676 = {
			isa = PBXGroup;
			children = (
				88CE9B3526F19E6D00E3BF6E /* Src */,
				134814211AA4EA7D00B7C361 /* Products */,
			);
			sourceTree = "<group>";
		};
		88CE9B3526F19E6D00E3BF6E /* Src */ = {
			isa = PBXGroup;
			children = (
				88CE9B3626F19E6D00E3BF6E /* IosNavigator-Bridging-Header.h */,
				88CE9B3726F19E6D00E3BF6E /* Extensions+Init */,
				88CE9B4926F19E6D00E3BF6E /* WeakObjects.swift */,
				88CE9B4A26F19E6D00E3BF6E /* Extensions */,
				88CE9B5426F19E6D00E3BF6E /* TransitionAnimations.swift */,
				88CE9B5526F19E6D00E3BF6E /* ReactNative */,
			);
			path = Src;
			sourceTree = "<group>";
		};
		88CE9B3726F19E6D00E3BF6E /* Extensions+Init */ = {
			isa = PBXGroup;
			children = (
				88CE9B3826F19E6D00E3BF6E /* UIBarMetrics+Init.swift */,
				88CE9B3926F19E6D00E3BF6E /* RCTTextTransform+Init.swift */,
				88CE9B3A26F19E6D00E3BF6E /* UINavigationItem+Init.swift */,
				88CE9B3B26F19E6D00E3BF6E /* NSUnderlineStyle+Init.swift */,
				88CE9B3C26F19E6D00E3BF6E /* RCTTextDecorationLineType+Init.swift */,
				88CE9B3D26F19E6D00E3BF6E /* RCTTextAttributes+Init.swift */,
				88CE9B3E26F19E6D00E3BF6E /* UIBlurEffect+Init.swift */,
				88CE9B3F26F19E6D00E3BF6E /* UISearchBar+Init.swift */,
				88CE9B4026F19E6D00E3BF6E /* UIBarStyle+Init.swift */,
				88CE9B4126F19E6D00E3BF6E /* UIOffset+Init.swift */,
				88CE9B4226F19E6D00E3BF6E /* UIStatusBarStyle+Init.swift */,
				88CE9B4326F19E6D00E3BF6E /* NSTextAlignment+Init.swift */,
				88CE9B4426F19E6D00E3BF6E /* UIView+Init.swift */,
				88CE9B4526F19E6D00E3BF6E /* UIControl+Init.swift */,
				88CE9B4626F19E6D00E3BF6E /* CAGradientLayerType+Init.swift */,
				88CE9B4726F19E6D00E3BF6E /* UIBarButtonItem+Init.swift */,
				88CE9B4826F19E6D00E3BF6E /* UIReturnKeyType+Init.swift */,
			);
			path = "Extensions+Init";
			sourceTree = "<group>";
		};
		88CE9B4A26F19E6D00E3BF6E /* Extensions */ = {
			isa = PBXGroup;
			children = (
				88CE9B4B26F19E6D00E3BF6E /* UINavigationItem+Helpers.swift */,
				88CE9B4C26F19E6D00E3BF6E /* UIViewController+Helpers.swift */,
				88CE9B4D26F19E6D00E3BF6E /* UIEdgeInsets+Helpers.swift */,
				88CE9B4E26F19E6D00E3BF6E /* UINavigationBar+Helpers.swift */,
				88CE9B4F26F19E6D00E3BF6E /* UIView+Helpers.swift */,
				88CE9B5026F19E6D00E3BF6E /* UIColor+Helpers.swift */,
				88CE9B5126F19E6D00E3BF6E /* UISearchBar+Helpers.swift */,
				88CE9B5226F19E6D00E3BF6E /* CGRect+Helpers.swift */,
				88CE9B5326F19E6D00E3BF6E /* UINavigationController+Helpers.swift */,
			);
			path = Extensions;
			sourceTree = "<group>";
		};
		88CE9B5526F19E6D00E3BF6E /* ReactNative */ = {
			isa = PBXGroup;
			children = (
				88CE9B5626F19E6D00E3BF6E /* RNINavigatorRouteHeaderView */,
				88CE9B5B26F19E6D00E3BF6E /* RNIRootViewController.swift */,
				88CE9B5C26F19E6D00E3BF6E /* RNINavigatorRouteView */,
				88CE9B6326F19E6D00E3BF6E /* RNINavigatorRouteViewController */,
				88CE9B6726F19E6D00E3BF6E /* RNINavigator */,
				88CE9B7126F19E6D00E3BF6E /* RNIWrapperView */,
				88CE9B7726F19E6D00E3BF6E /* RNINavigatorView */,
				88CE9B7E26F19E6D00E3BF6E /* RNIHelpers */,
			);
			path = ReactNative;
			sourceTree = "<group>";
		};
		88CE9B5626F19E6D00E3BF6E /* RNINavigatorRouteHeaderView */ = {
			isa = PBXGroup;
			children = (
				88CE9B5726F19E6D00E3BF6E /* RNINavigatorRouteHeaderShadowView.swift */,
				88CE9B5826F19E6D00E3BF6E /* RNINavigatorRouteHeaderView.swift */,
				88CE9B5926F19E6D00E3BF6E /* RNINavigatorRouteHeaderViewManager.swift */,
				88CE9B5A26F19E6D00E3BF6E /* RNINavigatorRouteHeaderViewManager.m */,
			);
			path = RNINavigatorRouteHeaderView;
			sourceTree = "<group>";
		};
		88CE9B5C26F19E6D00E3BF6E /* RNINavigatorRouteView */ = {
			isa = PBXGroup;
			children = (
				88CE9B5D26F19E6D00E3BF6E /* RNINavigatorRouteViewManager.swift */,
				88CE9B5E26F19E6D00E3BF6E /* RNINavigatorRouteViewManager.m */,
				88CE9B5F26F19E6D00E3BF6E /* RNINavigatorRouteViewModule.m */,
				88CE9B6026F19E6D00E3BF6E /* RNINavigatorRouteView.swift */,
				88CE9B6126F19E6D00E3BF6E /* RNINavigatorRouteViewModule.swift */,
				88CE9B6226F19E6D00E3BF6E /* RNINavigatorRouteViewDelegate.swift */,
			);
			path = RNINavigatorRouteView;
			sourceTree = "<group>";
		};
		88CE9B6326F19E6D00E3BF6E /* RNINavigatorRouteViewController */ = {
			isa = PBXGroup;
			children = (
				88CE9B6426F19E6D00E3BF6E /* RNINavigatorRouteBaseViewController.swift */,
				88CE9B6526F19E6D00E3BF6E /* RNINavigatorRouteViewControllerDelegate.swift */,
				88CE9B6626F19E6D00E3BF6E /* RNINavigatorReactRouteViewController.swift */,
			);
			path = RNINavigatorRouteViewController;
			sourceTree = "<group>";
		};
		88CE9B6726F19E6D00E3BF6E /* RNINavigator */ = {
			isa = PBXGroup;
			children = (
				88CE9B6826F19E6D00E3BF6E /* RNINavigationControllerConfig.swift */,
				88CE9B6926F19E6D00E3BF6E /* RNINavigatorError.swift */,
				88CE9B6A26F19E6D00E3BF6E /* RNINavBarItemConfig.swift */,
				88CE9B6B26F19E6D00E3BF6E /* RNINavigatorManager.swift */,
				88CE9B6C26F19E6D00E3BF6E /* RNINavigatorUIConstantsObserver.swift */,
				88CE9B6D26F19E6D00E3BF6E /* RNISearchControllerConfig.swift */,
				88CE9B6E26F19E6D00E3BF6E /* RNINavigationController.swift */,
				88CE9B6F26F19E6D00E3BF6E /* RNINavTransitionConfig.swift */,
				88CE9B7026F19E6D00E3BF6E /* RNINavBarAppearance.swift */,
			);
			path = RNINavigator;
			sourceTree = "<group>";
		};
		88CE9B7126F19E6D00E3BF6E /* RNIWrapperView */ = {
			isa = PBXGroup;
			children = (
				88CE9B7226F19E6D00E3BF6E /* RNIWrapperViewManager.swift */,
				88CE9B7326F19E6D00E3BF6E /* RNIWrapperView.swift */,
				88CE9B7426F19E6D00E3BF6E /* RNIWrapperViewModule.swift */,
				88CE9B7526F19E6D00E3BF6E /* RNIWrapperViewManager.m */,
				88CE9B7626F19E6D00E3BF6E /* RNIWrapperViewModule.m */,
			);
			path = RNIWrapperView;
			sourceTree = "<group>";
		};
		88CE9B7726F19E6D00E3BF6E /* RNINavigatorView */ = {
			isa = PBXGroup;
			children = (
				88CE9B7826F19E6D00E3BF6E /* RNINavigatorViewManager.swift */,
				88CE9B7926F19E6D00E3BF6E /* RNINavigatorView.swift */,
				88CE9B7A26F19E6D00E3BF6E /* RNINavigatorViewModule.m */,
				88CE9B7B26F19E6D00E3BF6E /* RNINavigatorViewManager.m */,
				88CE9B7C26F19E6D00E3BF6E /* RNINavigatorViewDelegate.swift */,
				88CE9B7D26F19E6D00E3BF6E /* RNINavigatorViewModule.swift */,
			);
			path = RNINavigatorView;
			sourceTree = "<group>";
		};
		88CE9B7E26F19E6D00E3BF6E /* RNIHelpers */ = {
			isa = PBXGroup;
			children = (
				88CE9B7F26F19E6D00E3BF6E /* RNIUtilities.swift */,
				88CE9B8026F19E6D00E3BF6E /* RNIImageItem.swift */,
			);
			path = RNIHelpers;
			sourceTree = "<group>";
		};
/* End PBXGroup section */

/* Begin PBXNativeTarget section */
		58B511DA1A9E6C8500147676 /* IosNavigator */ = {
			isa = PBXNativeTarget;
			buildConfigurationList = 58B511EF1A9E6C8500147676 /* Build configuration list for PBXNativeTarget "IosNavigator" */;
			buildPhases = (
				58B511D71A9E6C8500147676 /* Sources */,
				58B511D81A9E6C8500147676 /* Frameworks */,
				58B511D91A9E6C8500147676 /* CopyFiles */,
			);
			buildRules = (
			);
			dependencies = (
			);
			name = IosNavigator;
			productName = RCTDataManager;
			productReference = 134814201AA4EA6300B7C361 /* libIosNavigator.a */;
			productType = "com.apple.product-type.library.static";
		};
/* End PBXNativeTarget section */

/* Begin PBXProject section */
		58B511D31A9E6C8500147676 /* Project object */ = {
			isa = PBXProject;
			attributes = {
				LastUpgradeCheck = 0920;
				ORGANIZATIONNAME = "";
				TargetAttributes = {
					58B511DA1A9E6C8500147676 = {
						CreatedOnToolsVersion = 6.1.1;
						LastSwiftMigration = 1230;
					};
				};
			};
			buildConfigurationList = 58B511D61A9E6C8500147676 /* Build configuration list for PBXProject "IosNavigator" */;
			compatibilityVersion = "Xcode 3.2";
			developmentRegion = English;
			hasScannedForEncodings = 0;
			knownRegions = (
				English,
				en,
			);
			mainGroup = 58B511D21A9E6C8500147676;
			productRefGroup = 58B511D21A9E6C8500147676;
			projectDirPath = "";
			projectRoot = "";
			targets = (
				58B511DA1A9E6C8500147676 /* IosNavigator */,
			);
		};
/* End PBXProject section */

/* Begin PBXSourcesBuildPhase section */
		58B511D71A9E6C8500147676 /* Sources */ = {
			isa = PBXSourcesBuildPhase;
			buildActionMask = 2147483647;
			files = (
				88CE9BAA26F19E6D00E3BF6E /* RNINavigatorReactRouteViewController.swift in Sources */,
				88CE9B8326F19E6D00E3BF6E /* UINavigationItem+Init.swift in Sources */,
				88CE9B9E26F19E6D00E3BF6E /* RNINavigatorRouteHeaderView.swift in Sources */,
				88CE9B9A26F19E6D00E3BF6E /* CGRect+Helpers.swift in Sources */,
				88CE9B8826F19E6D00E3BF6E /* UISearchBar+Init.swift in Sources */,
				88CE9BB926F19E6D00E3BF6E /* RNINavigatorViewManager.swift in Sources */,
				88CE9BA926F19E6D00E3BF6E /* RNINavigatorRouteViewControllerDelegate.swift in Sources */,
				88CE9BBD26F19E6D00E3BF6E /* RNINavigatorViewDelegate.swift in Sources */,
				88CE9BC026F19E6D00E3BF6E /* RNIImageItem.swift in Sources */,
				88CE9B9C26F19E6D00E3BF6E /* TransitionAnimations.swift in Sources */,
				88CE9B9026F19E6D00E3BF6E /* UIBarButtonItem+Init.swift in Sources */,
				88CE9BA526F19E6D00E3BF6E /* RNINavigatorRouteView.swift in Sources */,
				88CE9B9526F19E6D00E3BF6E /* UIEdgeInsets+Helpers.swift in Sources */,
				88CE9B8626F19E6D00E3BF6E /* RCTTextAttributes+Init.swift in Sources */,
				88CE9B9226F19E6D00E3BF6E /* WeakObjects.swift in Sources */,
				88CE9BA626F19E6D00E3BF6E /* RNINavigatorRouteViewModule.swift in Sources */,
				88CE9B8426F19E6D00E3BF6E /* NSUnderlineStyle+Init.swift in Sources */,
				88CE9BB426F19E6D00E3BF6E /* RNIWrapperViewManager.swift in Sources */,
				88CE9B9726F19E6D00E3BF6E /* UIView+Helpers.swift in Sources */,
				88CE9B9326F19E6D00E3BF6E /* UINavigationItem+Helpers.swift in Sources */,
				88CE9B9B26F19E6D00E3BF6E /* UINavigationController+Helpers.swift in Sources */,
				88CE9BAD26F19E6D00E3BF6E /* RNINavBarItemConfig.swift in Sources */,
				88CE9BA326F19E6D00E3BF6E /* RNINavigatorRouteViewManager.m in Sources */,
				88CE9BB826F19E6D00E3BF6E /* RNIWrapperViewModule.m in Sources */,
				88CE9BAB26F19E6D00E3BF6E /* RNINavigationControllerConfig.swift in Sources */,
				88CE9BB526F19E6D00E3BF6E /* RNIWrapperView.swift in Sources */,
				88CE9B8926F19E6D00E3BF6E /* UIBarStyle+Init.swift in Sources */,
				88CE9BA826F19E6D00E3BF6E /* RNINavigatorRouteBaseViewController.swift in Sources */,
				88CE9B9426F19E6D00E3BF6E /* UIViewController+Helpers.swift in Sources */,
				88CE9B8F26F19E6D00E3BF6E /* CAGradientLayerType+Init.swift in Sources */,
				88CE9BB126F19E6D00E3BF6E /* RNINavigationController.swift in Sources */,
				88CE9B8526F19E6D00E3BF6E /* RCTTextDecorationLineType+Init.swift in Sources */,
				88CE9BA026F19E6D00E3BF6E /* RNINavigatorRouteHeaderViewManager.m in Sources */,
				88CE9BB326F19E6D00E3BF6E /* RNINavBarAppearance.swift in Sources */,
				88CE9BBA26F19E6D00E3BF6E /* RNINavigatorView.swift in Sources */,
				88CE9B8126F19E6D00E3BF6E /* UIBarMetrics+Init.swift in Sources */,
				88CE9BA426F19E6D00E3BF6E /* RNINavigatorRouteViewModule.m in Sources */,
				88CE9BBB26F19E6D00E3BF6E /* RNINavigatorViewModule.m in Sources */,
				88CE9BB726F19E6D00E3BF6E /* RNIWrapperViewManager.m in Sources */,
				88CE9B8B26F19E6D00E3BF6E /* UIStatusBarStyle+Init.swift in Sources */,
				88CE9BAE26F19E6D00E3BF6E /* RNINavigatorManager.swift in Sources */,
				88CE9BA126F19E6D00E3BF6E /* RNIRootViewController.swift in Sources */,
				88CE9B8226F19E6D00E3BF6E /* RCTTextTransform+Init.swift in Sources */,
				88CE9B8C26F19E6D00E3BF6E /* NSTextAlignment+Init.swift in Sources */,
				88CE9B9F26F19E6D00E3BF6E /* RNINavigatorRouteHeaderViewManager.swift in Sources */,
				88CE9B9126F19E6D00E3BF6E /* UIReturnKeyType+Init.swift in Sources */,
				88CE9BB026F19E6D00E3BF6E /* RNISearchControllerConfig.swift in Sources */,
				88CE9BA726F19E6D00E3BF6E /* RNINavigatorRouteViewDelegate.swift in Sources */,
				88CE9BB226F19E6D00E3BF6E /* RNINavTransitionConfig.swift in Sources */,
				88CE9BBF26F19E6D00E3BF6E /* RNIUtilities.swift in Sources */,
				88CE9B8A26F19E6D00E3BF6E /* UIOffset+Init.swift in Sources */,
				88CE9B9826F19E6D00E3BF6E /* UIColor+Helpers.swift in Sources */,
				88CE9BBE26F19E6D00E3BF6E /* RNINavigatorViewModule.swift in Sources */,
				88CE9BB626F19E6D00E3BF6E /* RNIWrapperViewModule.swift in Sources */,
				88CE9B9926F19E6D00E3BF6E /* UISearchBar+Helpers.swift in Sources */,
				88CE9BA226F19E6D00E3BF6E /* RNINavigatorRouteViewManager.swift in Sources */,
				88CE9B8726F19E6D00E3BF6E /* UIBlurEffect+Init.swift in Sources */,
				88CE9B8D26F19E6D00E3BF6E /* UIView+Init.swift in Sources */,
				88CE9BBC26F19E6D00E3BF6E /* RNINavigatorViewManager.m in Sources */,
				88CE9BAF26F19E6D00E3BF6E /* RNINavigatorUIConstantsObserver.swift in Sources */,
				88CE9BAC26F19E6D00E3BF6E /* RNINavigatorError.swift in Sources */,
				88CE9B9D26F19E6D00E3BF6E /* RNINavigatorRouteHeaderShadowView.swift in Sources */,
				88CE9B8E26F19E6D00E3BF6E /* UIControl+Init.swift in Sources */,
				88CE9B9626F19E6D00E3BF6E /* UINavigationBar+Helpers.swift in Sources */,
			);
			runOnlyForDeploymentPostprocessing = 0;
		};
/* End PBXSourcesBuildPhase section */

/* Begin XCBuildConfiguration section */
		58B511ED1A9E6C8500147676 /* Debug */ = {
			isa = XCBuildConfiguration;
			buildSettings = {
				ALWAYS_SEARCH_USER_PATHS = NO;
				CLANG_CXX_LANGUAGE_STANDARD = "gnu++0x";
				CLANG_CXX_LIBRARY = "libc++";
				CLANG_ENABLE_MODULES = YES;
				CLANG_ENABLE_OBJC_ARC = YES;
				CLANG_WARN_BLOCK_CAPTURE_AUTORELEASING = YES;
				CLANG_WARN_BOOL_CONVERSION = YES;
				CLANG_WARN_COMMA = YES;
				CLANG_WARN_CONSTANT_CONVERSION = YES;
				CLANG_WARN_DIRECT_OBJC_ISA_USAGE = YES_ERROR;
				CLANG_WARN_EMPTY_BODY = YES;
				CLANG_WARN_ENUM_CONVERSION = YES;
				CLANG_WARN_INFINITE_RECURSION = YES;
				CLANG_WARN_INT_CONVERSION = YES;
				CLANG_WARN_NON_LITERAL_NULL_CONVERSION = YES;
				CLANG_WARN_OBJC_LITERAL_CONVERSION = YES;
				CLANG_WARN_OBJC_ROOT_CLASS = YES_ERROR;
				CLANG_WARN_RANGE_LOOP_ANALYSIS = YES;
				CLANG_WARN_STRICT_PROTOTYPES = YES;
				CLANG_WARN_SUSPICIOUS_MOVE = YES;
				CLANG_WARN_UNREACHABLE_CODE = YES;
				CLANG_WARN__DUPLICATE_METHOD_MATCH = YES;
				COPY_PHASE_STRIP = NO;
				ENABLE_STRICT_OBJC_MSGSEND = YES;
				ENABLE_TESTABILITY = YES;
				GCC_C_LANGUAGE_STANDARD = gnu99;
				GCC_DYNAMIC_NO_PIC = NO;
				GCC_NO_COMMON_BLOCKS = YES;
				GCC_OPTIMIZATION_LEVEL = 0;
				GCC_PREPROCESSOR_DEFINITIONS = (
					"DEBUG=1",
					"$(inherited)",
				);
				GCC_SYMBOLS_PRIVATE_EXTERN = NO;
				GCC_WARN_64_TO_32_BIT_CONVERSION = YES;
				GCC_WARN_ABOUT_RETURN_TYPE = YES_ERROR;
				GCC_WARN_UNDECLARED_SELECTOR = YES;
				GCC_WARN_UNINITIALIZED_AUTOS = YES_AGGRESSIVE;
				GCC_WARN_UNUSED_FUNCTION = YES;
				GCC_WARN_UNUSED_VARIABLE = YES;
				IPHONEOS_DEPLOYMENT_TARGET = 8.0;
				MTL_ENABLE_DEBUG_INFO = YES;
				ONLY_ACTIVE_ARCH = YES;
				SDKROOT = iphoneos;
			};
			name = Debug;
		};
		58B511EE1A9E6C8500147676 /* Release */ = {
			isa = XCBuildConfiguration;
			buildSettings = {
				ALWAYS_SEARCH_USER_PATHS = NO;
				CLANG_CXX_LANGUAGE_STANDARD = "gnu++0x";
				CLANG_CXX_LIBRARY = "libc++";
				CLANG_ENABLE_MODULES = YES;
				CLANG_ENABLE_OBJC_ARC = YES;
				CLANG_WARN_BLOCK_CAPTURE_AUTORELEASING = YES;
				CLANG_WARN_BOOL_CONVERSION = YES;
				CLANG_WARN_COMMA = YES;
				CLANG_WARN_CONSTANT_CONVERSION = YES;
				CLANG_WARN_DIRECT_OBJC_ISA_USAGE = YES_ERROR;
				CLANG_WARN_EMPTY_BODY = YES;
				CLANG_WARN_ENUM_CONVERSION = YES;
				CLANG_WARN_INFINITE_RECURSION = YES;
				CLANG_WARN_INT_CONVERSION = YES;
				CLANG_WARN_NON_LITERAL_NULL_CONVERSION = YES;
				CLANG_WARN_OBJC_LITERAL_CONVERSION = YES;
				CLANG_WARN_OBJC_ROOT_CLASS = YES_ERROR;
				CLANG_WARN_RANGE_LOOP_ANALYSIS = YES;
				CLANG_WARN_STRICT_PROTOTYPES = YES;
				CLANG_WARN_SUSPICIOUS_MOVE = YES;
				CLANG_WARN_UNREACHABLE_CODE = YES;
				CLANG_WARN__DUPLICATE_METHOD_MATCH = YES;
				COPY_PHASE_STRIP = YES;
				ENABLE_NS_ASSERTIONS = NO;
				ENABLE_STRICT_OBJC_MSGSEND = YES;
				GCC_C_LANGUAGE_STANDARD = gnu99;
				GCC_NO_COMMON_BLOCKS = YES;
				GCC_WARN_64_TO_32_BIT_CONVERSION = YES;
				GCC_WARN_ABOUT_RETURN_TYPE = YES_ERROR;
				GCC_WARN_UNDECLARED_SELECTOR = YES;
				GCC_WARN_UNINITIALIZED_AUTOS = YES_AGGRESSIVE;
				GCC_WARN_UNUSED_FUNCTION = YES;
				GCC_WARN_UNUSED_VARIABLE = YES;
				IPHONEOS_DEPLOYMENT_TARGET = 8.0;
				MTL_ENABLE_DEBUG_INFO = NO;
				SDKROOT = iphoneos;
				VALIDATE_PRODUCT = YES;
			};
			name = Release;
		};
		58B511F01A9E6C8500147676 /* Debug */ = {
			isa = XCBuildConfiguration;
			buildSettings = {
				CLANG_ENABLE_MODULES = YES;
				HEADER_SEARCH_PATHS = (
					"$(inherited)",
					/Applications/Xcode.app/Contents/Developer/Toolchains/XcodeDefault.xctoolchain/usr/include,
					"$(SRCROOT)/../../../React/**",
					"$(SRCROOT)/../../react-native/React/**",
				);
				LD_RUNPATH_SEARCH_PATHS = "$(inherited) @executable_path/Frameworks @loader_path/Frameworks";
				LIBRARY_SEARCH_PATHS = "$(inherited)";
				OTHER_LDFLAGS = "-ObjC";
				PRODUCT_NAME = IosNavigator;
				SKIP_INSTALL = YES;
				SWIFT_OBJC_BRIDGING_HEADER = "Src/IosNavigator-Bridging-Header.h";
				SWIFT_OPTIMIZATION_LEVEL = "-Onone";
				SWIFT_VERSION = 5.0;
			};
			name = Debug;
		};
		58B511F11A9E6C8500147676 /* Release */ = {
			isa = XCBuildConfiguration;
			buildSettings = {
				CLANG_ENABLE_MODULES = YES;
				HEADER_SEARCH_PATHS = (
					"$(inherited)",
					/Applications/Xcode.app/Contents/Developer/Toolchains/XcodeDefault.xctoolchain/usr/include,
					"$(SRCROOT)/../../../React/**",
					"$(SRCROOT)/../../react-native/React/**",
				);
				LD_RUNPATH_SEARCH_PATHS = "$(inherited) @executable_path/Frameworks @loader_path/Frameworks";
				LIBRARY_SEARCH_PATHS = "$(inherited)";
				OTHER_LDFLAGS = "-ObjC";
				PRODUCT_NAME = IosNavigator;
				SKIP_INSTALL = YES;
				SWIFT_OBJC_BRIDGING_HEADER = "Src/IosNavigator-Bridging-Header.h";
				SWIFT_VERSION = 5.0;
			};
			name = Release;
		};
/* End XCBuildConfiguration section */

/* Begin XCConfigurationList section */
		58B511D61A9E6C8500147676 /* Build configuration list for PBXProject "IosNavigator" */ = {
			isa = XCConfigurationList;
			buildConfigurations = (
				58B511ED1A9E6C8500147676 /* Debug */,
				58B511EE1A9E6C8500147676 /* Release */,
			);
			defaultConfigurationIsVisible = 0;
			defaultConfigurationName = Release;
		};
		58B511EF1A9E6C8500147676 /* Build configuration list for PBXNativeTarget "IosNavigator" */ = {
			isa = XCConfigurationList;
			buildConfigurations = (
				58B511F01A9E6C8500147676 /* Debug */,
				58B511F11A9E6C8500147676 /* Release */,
			);
			defaultConfigurationIsVisible = 0;
			defaultConfigurationName = Release;
		};
/* End XCConfigurationList section */
	};
	rootObject = 58B511D31A9E6C8500147676 /* Project object */;
}
